// !$*UTF8*$!
{
	archiveVersion = 1;
	classes = {
	};
	objectVersion = 56;
	objects = {

/* Begin PBXBuildFile section */
		0A91540F767F0B72B29548E4 /* RunControlSection.swift in Sources */ = {isa = PBXBuildFile; fileRef = 4605921734E20A09AA113523 /* RunControlSection.swift */; };
		0F5CF3F1723144EA83490033 /* RalphCLIExecutableLocator.swift in Sources */ = {isa = PBXBuildFile; fileRef = 5EE8951D88274919856E798A /* RalphCLIExecutableLocator.swift */; };
		0FFC498DAD0AE8456CBC8A74 /* AnalyticsSection.swift in Sources */ = {isa = PBXBuildFile; fileRef = 47BB33D4574BC2AE48AE95A5 /* AnalyticsSection.swift */; };
		11223344556677889900AABB /* GraphModels.swift in Sources */ = {isa = PBXBuildFile; fileRef = AABBCCDDEEFF001122334455 /* GraphModels.swift */; };
		12EEF5CB63D2451A8D8BDFCE /* RalphCore.framework in Frameworks */ = {isa = PBXBuildFile; fileRef = 16591EC6C1744AC5AF4189A4 /* RalphCore.framework */; };
		179B8788CE02428A89379BFC /* RalphCore.framework in Embed Frameworks */ = {isa = PBXBuildFile; fileRef = 16591EC6C1744AC5AF4189A4 /* RalphCore.framework */; settings = {ATTRIBUTES = (CodeSignOnCopy, RemoveHeadersOnCopy, ); }; };
		223344556677889900AABBCCDDEEFF11 /* TaskRelationshipPicker.swift in Sources */ = {isa = PBXBuildFile; fileRef = 11223344556677889900AABBCCDDEEFF /* TaskRelationshipPicker.swift */; };
		268217A233EEC82D9B6E9767 /* RetryHelperTests.swift in Sources */ = {isa = PBXBuildFile; fileRef = 77F3126530AB785086AAF51A /* RetryHelperTests.swift */; };
		2895092585CD4799832FDA1479C815B8 /* KanbanCardView.swift in Sources */ = {isa = PBXBuildFile; fileRef = DC080C0014F94BAE85020345FFAAFAF2 /* KanbanCardView.swift */; };
		3845DDDEE8480D652D4F18BF /* ElapsedTimeView.swift in Sources */ = {isa = PBXBuildFile; fileRef = 8B900514A511EC3E3539F2AA /* ElapsedTimeView.swift */; };
		3A50AB4D19664FC7A750A366 /* RalphCLIClientTests.swift in Sources */ = {isa = PBXBuildFile; fileRef = 7496516A44544D58A079C2B6 /* RalphCLIClientTests.swift */; };
		3BCD64DD1FD0B5B8CCFD9875 /* CrashReporter.swift in Sources */ = {isa = PBXBuildFile; fileRef = A24E80C16889B4FDE88205DC /* CrashReporter.swift */; };
		4531CFF0D6FF4741BB54C467 /* RalphModelsTests.swift in Sources */ = {isa = PBXBuildFile; fileRef = 34FD8AC4252040E88FB002F9 /* RalphModelsTests.swift */; };
		48E9CABEFF6345C7A6ABA4F9 /* RalphMacApp.swift in Sources */ = {isa = PBXBuildFile; fileRef = E4BA912C259042DDA03E653F /* RalphMacApp.swift */; };
		49E9CACFFF6345C7A6ABA4FA /* AppDelegate.swift in Sources */ = {isa = PBXBuildFile; fileRef = E5CB923D360143EED14F7540 /* AppDelegate.swift */; };
		4A8D2E1F8B3C4D56A7E8F901 /* Workspace.swift in Sources */ = {isa = PBXBuildFile; fileRef = 0B651F8A746C4387B1F9D42A /* Workspace.swift */; };
		50F4E3E8CCF58E4DA7C9B66B /* NotificationNames.swift in Sources */ = {isa = PBXBuildFile; fileRef = 98182BE943CBB8B4EFCD01DG /* NotificationNames.swift */; };
		51F423D7B6694FD1BBF01DDA /* Assets.xcassets in Resources */ = {isa = PBXBuildFile; fileRef = B6D1EEC569C94444A00C7A84 /* Assets.xcassets */; };
		558F4EFD40ED4813905A6B0A /* VisualEffectView.swift in Sources */ = {isa = PBXBuildFile; fileRef = 6127F94DFD1B404CB5CC190B /* VisualEffectView.swift */; };
		5B9E3F2A9C4D5E67B8F90123 /* WorkspaceManager.swift in Sources */ = {isa = PBXBuildFile; fileRef = C52C942A1CA040208A1757FF /* WorkspaceManager.swift */; };
		5FE4D9D3BBE74EBC66FFAAFA /* MenuBarContentView.swift in Sources */ = {isa = PBXBuildFile; fileRef = 777A75CD59CE21353DC20516 /* MenuBarContentView.swift */; };
		62E2D8A333624CF58EA8D8EA9B611279 /* KanbanColumnView.swift in Sources */ = {isa = PBXBuildFile; fileRef = 3CE6C4AFCBD2413B8BF2F723BD308B4D /* KanbanColumnView.swift */; };
		6CAF4A3B0D5E6F78C9012345 /* WindowState.swift in Sources */ = {isa = PBXBuildFile; fileRef = 4501A6DA17EA418787F9BC9C /* WindowState.swift */; };
		70B7D56D286A4C04AAA8F09B /* XCTest.framework in Frameworks */ = {isa = PBXBuildFile; fileRef = 5CF4286D31194E8ABD65BF48 /* XCTest.framework */; };
		77EFDF19FDCC6111A2D9D960 /* CrashReporterTests.swift in Sources */ = {isa = PBXBuildFile; fileRef = E21C3A89A6C7227DBEC1280A /* CrashReporterTests.swift */; };
		7D1B5B4C1E6F708D01234567 /* WorkspaceView.swift in Sources */ = {isa = PBXBuildFile; fileRef = 3B65E12FC434490D9A617CEB /* WorkspaceView.swift */; };
		7F16054571FBB51EBC4A9448 /* RalphLogger.swift in Sources */ = {isa = PBXBuildFile; fileRef = 97091AD832CBB8B3EFBD90CF /* RalphLogger.swift */; };
		81B3129D1A9B4ACBB70F0BDD4D0F049B /* KanbanBoardView.swift in Sources */ = {isa = PBXBuildFile; fileRef = F7044ECE073A4355A364CD631452E561 /* KanbanBoardView.swift */; };
		85D7368B7EF304C513724E22 /* ConnectionStatusViews.swift in Sources */ = {isa = PBXBuildFile; fileRef = 85F21ECB14C15455214EB21E /* ConnectionStatusViews.swift */; };
		8E2C6C5D2F70819234567890 /* WindowView.swift in Sources */ = {isa = PBXBuildFile; fileRef = E21132B9951449F09254F84C /* WindowView.swift */; };
		99887766554433221100AABB /* AnalyticsModels.swift in Sources */ = {isa = PBXBuildFile; fileRef = BBAA99887766554433221100 /* AnalyticsModels.swift */; };
		9A3B7C4E5D6E7F8A901B2C3D /* TaskListView.swift in Sources */ = {isa = PBXBuildFile; fileRef = A1B2C3D4E5F60718G9H0I1J2 /* TaskListView.swift */; };
		9B4C5D6E7F8A901B2C3D4E5F /* BulkActionsView.swift in Sources */ = {isa = PBXBuildFile; fileRef = B2C3D4E5F60718G9H0I1J2K3 /* BulkActionsView.swift */; };
		A1234567890ABCDEF1234567 /* QueueFileWatcher.swift in Sources */ = {isa = PBXBuildFile; fileRef = B1234567890ABCDEF1234567 /* QueueFileWatcher.swift */; };
		A1B2C3D4E5F6789012345678 /* ANSIParserTests.swift in Sources */ = {isa = PBXBuildFile; fileRef = B2C3D4E5F678901234567890 /* ANSIParserTests.swift */; };
		A2AF6EF569D7C2ADDD8414C5 /* MenuBarManager.swift in Sources */ = {isa = PBXBuildFile; fileRef = 0787D37F56E4D3F3585C3CAE /* MenuBarManager.swift */; };
		AA1111111111111111111111 /* AnalyticsDashboardView.swift in Sources */ = {isa = PBXBuildFile; fileRef = BB1111111111111111111111 /* AnalyticsDashboardView.swift */; };
		AA2222222222222222222222 /* BurndownChartView.swift in Sources */ = {isa = PBXBuildFile; fileRef = BB2222222222222222222222 /* BurndownChartView.swift */; };
		AA3333333333333333333333 /* CompletionHistoryChart.swift in Sources */ = {isa = PBXBuildFile; fileRef = BB3333333333333333333333 /* CompletionHistoryChart.swift */; };
		AA4444444444444444444444 /* PriorityDistributionCard.swift in Sources */ = {isa = PBXBuildFile; fileRef = BB4444444444444444444444 /* PriorityDistributionCard.swift */; };
		AA5555555555555555555555 /* TagBreakdownChart.swift in Sources */ = {isa = PBXBuildFile; fileRef = BB5555555555555555555555 /* TagBreakdownChart.swift */; };
		AA6666666666666666666666 /* TaskAgingCard.swift in Sources */ = {isa = PBXBuildFile; fileRef = BB6666666666666666666666 /* TaskAgingCard.swift */; };
		AA7777777777777777777777 /* VelocityChartView.swift in Sources */ = {isa = PBXBuildFile; fileRef = BB7777777777777777777777 /* VelocityChartView.swift */; };
		AA8888888888888888888888 /* VelocityDetailsCard.swift in Sources */ = {isa = PBXBuildFile; fileRef = BB8888888888888888888888 /* VelocityDetailsCard.swift */; };
		AA99BB88CC77DD66EE55FF4400112233 /* TaskDetailViewSupport.swift in Sources */ = {isa = PBXBuildFile; fileRef = EE11DD22CC33BB44AA55FF6677889900 /* TaskDetailViewSupport.swift */; };
		ABCD1234EFAB5678CD9012EF /* WorkspacePerformanceTests.swift in Sources */ = {isa = PBXBuildFile; fileRef = DCBA4321FEDC8765EF1021FE /* WorkspacePerformanceTests.swift */; };
		AC12ADCEB6FBE27F325003B5 /* RetryIntegrationTests.swift in Sources */ = {isa = PBXBuildFile; fileRef = BF349B26CB0886708565C0A7 /* RetryIntegrationTests.swift */; };
		AD262F5CE6FC50AECE385373 /* RunControlConsoleView.swift in Sources */ = {isa = PBXBuildFile; fileRef = AC5B1F258352B5B5DC9FFF77 /* RunControlConsoleView.swift */; };
		ASETTINGSINFRA0012345678900 /* ASettingsInfra.swift in Sources */ = {isa = PBXBuildFile; fileRef = ASETTINGSINFRAREF0012345678900 /* ASettingsInfra.swift */; };
		B21C5D6A955D6896460637B7 /* RetryHelper.swift in Sources */ = {isa = PBXBuildFile; fileRef = AF00ECB3884C6A991E9ED664 /* RetryHelper.swift */; };
		B46FBE1A725EA09170363A82 /* TaskExecutionOverridesSection.swift in Sources */ = {isa = PBXBuildFile; fileRef = A0C8497F9C98D1E54DE2DBF0 /* TaskExecutionOverridesSection.swift */; };
		BB22CC33DD44EE55FF6677889900AA11 /* TaskDetailView.swift in Sources */ = {isa = PBXBuildFile; fileRef = AA11BB22CC33DD44EE55FF6677889900 /* TaskDetailView.swift */; };
		CC112233445566778899AABB /* TaskConflictResolverView.swift in Sources */ = {isa = PBXBuildFile; fileRef = DD112233445566778899AABB /* TaskConflictResolverView.swift */; };
		CC99AA88BB77DD66EE55FF44 /* ConsoleOutputBuffer.swift in Sources */ = {isa = PBXBuildFile; fileRef = 1122AABBCCDDEEFF99887766 /* ConsoleOutputBuffer.swift */; };
		CD2233445566778899AABBCC /* GraphAlgorithms.swift in Sources */ = {isa = PBXBuildFile; fileRef = CD112233445566778899AABB /* GraphAlgorithms.swift */; };
		CD445566778899AABBCCDDEE /* GraphAlgorithmsTests.swift in Sources */ = {isa = PBXBuildFile; fileRef = CD33445566778899AABBCCDD /* GraphAlgorithmsTests.swift */; };
		CEA0C56C54C067B285A7B1AD /* MenuBarIconView.swift in Sources */ = {isa = PBXBuildFile; fileRef = 0CA719BF19DA9A8273DC7910 /* MenuBarIconView.swift */; };
		CONFIGMODELS001234567890 /* ConfigModels.swift in Sources */ = {isa = PBXBuildFile; fileRef = CONFIGMODELSREF001234567890 /* ConfigModels.swift */; };
		CPCMD1234567890ABCDEF02 /* CommandPaletteCommand.swift in Sources */ = {isa = PBXBuildFile; fileRef = CPCMDREF1234567890ABCDEF02 /* CommandPaletteCommand.swift */; };
		CPVIEW1234567890ABCDEF00 /* CommandPaletteView.swift in Sources */ = {isa = PBXBuildFile; fileRef = CPVIEWREF1234567890ABCDEF00 /* CommandPaletteView.swift */; };
		CPVM1234567890ABCDEF01 /* CommandPaletteViewModel.swift in Sources */ = {isa = PBXBuildFile; fileRef = CPVMREF1234567890ABCDEF01 /* CommandPaletteViewModel.swift */; };
		D1594D0AB21045BA9764BCE8 /* RalphCore.framework in Frameworks */ = {isa = PBXBuildFile; fileRef = 16591EC6C1744AC5AF4189A4 /* RalphCore.framework */; };
		D21470E978C03EA41E8C185E /* NavigationViewModel.swift in Sources */ = {isa = PBXBuildFile; fileRef = 1144436E84A467CACB42516A /* NavigationViewModel.swift */; };
		D9F46037BDEF60ADEEF6EEA9 /* ConsoleView.swift in Sources */ = {isa = PBXBuildFile; fileRef = 94E7D1BF4A91545A54A06C1A /* ConsoleView.swift */; };
		DA8C4A1F9FDD44F5BCDE5CB9 /* RalphE2ESmokeTests.swift in Sources */ = {isa = PBXBuildFile; fileRef = 65F63B68A6B84D5195D20137 /* RalphE2ESmokeTests.swift */; };
		DD44EE55FF6677889900AA11BB22CC33 /* StringArrayEditor.swift in Sources */ = {isa = PBXBuildFile; fileRef = CC33DD44EE55FF6677889900AA11BB22 /* StringArrayEditor.swift */; };
		DDEEFF001122334455AABBCC /* DependencyGraphView.swift in Sources */ = {isa = PBXBuildFile; fileRef = CCDDEEFF001122334455AABB /* DependencyGraphView.swift */; };
		E0A06224A60DB52B85109E99 /* WorkingDirectoryHeader.swift in Sources */ = {isa = PBXBuildFile; fileRef = 3298F69D10A0636C5327AF65 /* WorkingDirectoryHeader.swift */; };
		E1FE4FE54CB8402D84A8607625CC6BB5 /* TaskCreationView.swift in Sources */ = {isa = PBXBuildFile; fileRef = D09515AC14F94350B766E15468824B53 /* TaskCreationView.swift */; };
		E4635AF24A810EE76495C30B /* VersionValidatorTests.swift in Sources */ = {isa = PBXBuildFile; fileRef = C0944A9447A23AA1748EC80A /* VersionValidatorTests.swift */; };
		EE9BBA22346A4F6089F70335 /* RalphCLIClient.swift in Sources */ = {isa = PBXBuildFile; fileRef = 31B301E8A7CC431E930E7539 /* RalphCLIClient.swift */; };
		EECED51732D072929E614B2F /* AdvancedRunnerSection.swift in Sources */ = {isa = PBXBuildFile; fileRef = CBD57BF49B1F7D43DD51BEBE /* AdvancedRunnerSection.swift */; };
		EF9F001157144DB59DB782FF /* RalphModels.swift in Sources */ = {isa = PBXBuildFile; fileRef = F3014AC133794F7F8AF0E753 /* RalphModels.swift */; };
		F0991C52FCDBA422BDD86604 /* VersionValidator.swift in Sources */ = {isa = PBXBuildFile; fileRef = 29D9B54003005176B3196572 /* VersionValidator.swift */; };
		F6A75F8963921FE53D465FF3 /* RalphLoggerTests.swift in Sources */ = {isa = PBXBuildFile; fileRef = B86FB79CF874558CF63AAAB3 /* RalphLoggerTests.swift */; };
		F840487D12000534308C7AE2 /* QuickActionsSection.swift in Sources */ = {isa = PBXBuildFile; fileRef = 9DB332D2325D439859B8655F /* QuickActionsSection.swift */; };
		FF6677889900AA11BB22CC33DD44EE55 /* TagEditorView.swift in Sources */ = {isa = PBXBuildFile; fileRef = EE55FF6677889900AA11BB22CC33DD44 /* TagEditorView.swift */; };
		QD7890123456ABCDEF012345 /* QueueDirectParseTests.swift in Sources */ = {isa = PBXBuildFile; fileRef = QF7890123456ABCDEF012345 /* QueueDirectParseTests.swift */; };
		WTCTBUILD001234567890123 /* WorkspaceTaskCreationTests.swift in Sources */ = {isa = PBXBuildFile; fileRef = WTCTFILEREF0012345678901 /* WorkspaceTaskCreationTests.swift */; };
		SETTINGSVIEW0012345678901 /* AppSettings.swift in Sources */ = {isa = PBXBuildFile; fileRef = SETTINGSVIEWREF0012345678901 /* AppSettings.swift */; };
		SETTINGSVIEWMODEL001234567 /* SettingsViewModel.swift in Sources */ = {isa = PBXBuildFile; fileRef = SETTINGSVIEWMODELREF001234567 /* SettingsViewModel.swift */; };
		UITESTSBB0012345678901234 /* RalphMacUITests.swift in Sources */ = {isa = PBXBuildFile; fileRef = UITESTSFF1123456789012345 /* RalphMacUITests.swift */; };
		UITESTSBB2234567890123456 /* RalphMacUITestsLaunchTests.swift in Sources */ = {isa = PBXBuildFile; fileRef = UITESTSFF3345678901234567 /* RalphMacUITestsLaunchTests.swift */; };
		WCROUTEBLD1234567890ABCD /* WindowCommandRouting.swift in Sources */ = {isa = PBXBuildFile; fileRef = WCROUTEFREF1234567890ABC /* WindowCommandRouting.swift */; };
/* End PBXBuildFile section */

/* Begin PBXContainerItemProxy section */
		4CEE1CF6B16E4FFB856939B5 /* PBXContainerItemProxy */ = {
			isa = PBXContainerItemProxy;
			containerPortal = 138EF11C500E42C3A51D87DA /* Project object */;
			proxyType = 1;
			remoteGlobalIDString = 5C9AA60D62CB4EBFBF02ACA1;
			remoteInfo = RalphCore;
		};
		6CED8CCC14D740F9B798C3E1 /* PBXContainerItemProxy */ = {
			isa = PBXContainerItemProxy;
			containerPortal = 138EF11C500E42C3A51D87DA /* Project object */;
			proxyType = 1;
			remoteGlobalIDString = 5C9AA60D62CB4EBFBF02ACA1;
			remoteInfo = RalphCore;
		};
		UITESTSCP0012345678901234 /* PBXContainerItemProxy */ = {
			isa = PBXContainerItemProxy;
			containerPortal = 138EF11C500E42C3A51D87DA /* Project object */;
			proxyType = 1;
			remoteGlobalIDString = E19EB015790F40D39E28D0AC;
			remoteInfo = RalphMac;
		};
/* End PBXContainerItemProxy section */

/* Begin PBXCopyFilesBuildPhase section */
		8EBDEB3EA80A4DEABC0FC877 /* Embed Frameworks */ = {
			isa = PBXCopyFilesBuildPhase;
			buildActionMask = 2147483647;
			dstPath = "";
			dstSubfolderSpec = 10;
			files = (
				179B8788CE02428A89379BFC /* RalphCore.framework in Embed Frameworks */,
			);
			name = "Embed Frameworks";
			runOnlyForDeploymentPostprocessing = 0;
		};
/* End PBXCopyFilesBuildPhase section */

/* Begin PBXFileReference section */
		0787D37F56E4D3F3585C3CAE /* MenuBarManager.swift */ = {isa = PBXFileReference; includeInIndex = 1; lastKnownFileType = sourcecode.swift; path = MenuBarManager.swift; sourceTree = "<group>"; };
		0B651F8A746C4387B1F9D42A /* Workspace.swift */ = {isa = PBXFileReference; lastKnownFileType = sourcecode.swift; path = Workspace.swift; sourceTree = "<group>"; };
		0CA719BF19DA9A8273DC7910 /* MenuBarIconView.swift */ = {isa = PBXFileReference; includeInIndex = 1; lastKnownFileType = sourcecode.swift; path = MenuBarIconView.swift; sourceTree = "<group>"; };
		11223344556677889900AABBCCDDEEFF /* TaskRelationshipPicker.swift */ = {isa = PBXFileReference; lastKnownFileType = sourcecode.swift; name = TaskRelationshipPicker.swift; path = RalphMac/TaskRelationshipPicker.swift; sourceTree = "<group>"; };
		1122AABBCCDDEEFF99887766 /* ConsoleOutputBuffer.swift */ = {isa = PBXFileReference; lastKnownFileType = sourcecode.swift; name = ConsoleOutputBuffer.swift; path = RalphCore/ConsoleOutputBuffer.swift; sourceTree = "<group>"; };
		1144436E84A467CACB42516A /* NavigationViewModel.swift */ = {isa = PBXFileReference; includeInIndex = 1; lastKnownFileType = sourcecode.swift; name = NavigationViewModel.swift; path = NavigationViewModel.swift; sourceTree = "<group>"; };
		16591EC6C1744AC5AF4189A4 /* RalphCore.framework */ = {isa = PBXFileReference; explicitFileType = wrapper.framework; includeInIndex = 0; path = RalphCore.framework; sourceTree = BUILT_PRODUCTS_DIR; };
		29D9B54003005176B3196572 /* VersionValidator.swift */ = {isa = PBXFileReference; includeInIndex = 1; lastKnownFileType = sourcecode.swift; path = VersionValidator.swift; sourceTree = "<group>"; };
		31B301E8A7CC431E930E7539 /* RalphCLIClient.swift */ = {isa = PBXFileReference; lastKnownFileType = sourcecode.swift; path = RalphCLIClient.swift; sourceTree = "<group>"; };
		3298F69D10A0636C5327AF65 /* WorkingDirectoryHeader.swift */ = {isa = PBXFileReference; includeInIndex = 1; lastKnownFileType = sourcecode.swift; path = WorkingDirectoryHeader.swift; sourceTree = "<group>"; };
		34FD8AC4252040E88FB002F9 /* RalphModelsTests.swift */ = {isa = PBXFileReference; lastKnownFileType = sourcecode.swift; path = RalphModelsTests.swift; sourceTree = "<group>"; };
		3ABCA66572BF4FE381DD0476 /* RalphCoreTests.xctest */ = {isa = PBXFileReference; explicitFileType = wrapper.cfbundle; includeInIndex = 0; path = RalphCoreTests.xctest; sourceTree = BUILT_PRODUCTS_DIR; };
		3B65E12FC434490D9A617CEB /* WorkspaceView.swift */ = {isa = PBXFileReference; lastKnownFileType = sourcecode.swift; path = WorkspaceView.swift; sourceTree = "<group>"; };
		3CE6C4AFCBD2413B8BF2F723BD308B4D /* KanbanColumnView.swift */ = {isa = PBXFileReference; lastKnownFileType = sourcecode.swift; name = KanbanColumnView.swift; path = RalphMac/KanbanColumnView.swift; sourceTree = "<group>"; };
		4501A6DA17EA418787F9BC9C /* WindowState.swift */ = {isa = PBXFileReference; lastKnownFileType = sourcecode.swift; path = WindowState.swift; sourceTree = "<group>"; };
		4605921734E20A09AA113523 /* RunControlSection.swift */ = {isa = PBXFileReference; includeInIndex = 1; lastKnownFileType = sourcecode.swift; path = RunControlSection.swift; sourceTree = "<group>"; };
		47BB33D4574BC2AE48AE95A5 /* AnalyticsSection.swift */ = {isa = PBXFileReference; includeInIndex = 1; lastKnownFileType = sourcecode.swift; path = AnalyticsSection.swift; sourceTree = "<group>"; };
		5CF4286D31194E8ABD65BF48 /* XCTest.framework */ = {isa = PBXFileReference; lastKnownFileType = wrapper.framework; name = XCTest.framework; path = System/Library/Frameworks/XCTest.framework; sourceTree = SDKROOT; };
		5EE8951D88274919856E798A /* RalphCLIExecutableLocator.swift */ = {isa = PBXFileReference; lastKnownFileType = sourcecode.swift; path = RalphCLIExecutableLocator.swift; sourceTree = "<group>"; };
		6127F94DFD1B404CB5CC190B /* VisualEffectView.swift */ = {isa = PBXFileReference; lastKnownFileType = sourcecode.swift; path = VisualEffectView.swift; sourceTree = "<group>"; };
		65F63B68A6B84D5195D20137 /* RalphE2ESmokeTests.swift */ = {isa = PBXFileReference; lastKnownFileType = sourcecode.swift; path = RalphE2ESmokeTests.swift; sourceTree = "<group>"; };
		7496516A44544D58A079C2B6 /* RalphCLIClientTests.swift */ = {isa = PBXFileReference; lastKnownFileType = sourcecode.swift; path = RalphCLIClientTests.swift; sourceTree = "<group>"; };
		777A75CD59CE21353DC20516 /* MenuBarContentView.swift */ = {isa = PBXFileReference; includeInIndex = 1; lastKnownFileType = sourcecode.swift; path = MenuBarContentView.swift; sourceTree = "<group>"; };
		77F3126530AB785086AAF51A /* RetryHelperTests.swift */ = {isa = PBXFileReference; includeInIndex = 1; lastKnownFileType = sourcecode.swift; path = RetryHelperTests.swift; sourceTree = "<group>"; };
		85F21ECB14C15455214EB21E /* ConnectionStatusViews.swift */ = {isa = PBXFileReference; includeInIndex = 1; lastKnownFileType = sourcecode.swift; path = ConnectionStatusViews.swift; sourceTree = "<group>"; };
		8B900514A511EC3E3539F2AA /* ElapsedTimeView.swift */ = {isa = PBXFileReference; includeInIndex = 1; lastKnownFileType = sourcecode.swift; name = ElapsedTimeView.swift; path = ElapsedTimeView.swift; sourceTree = "<group>"; };
		94E7D1BF4A91545A54A06C1A /* ConsoleView.swift */ = {isa = PBXFileReference; includeInIndex = 1; lastKnownFileType = sourcecode.swift; path = ConsoleView.swift; sourceTree = "<group>"; };
		97091AD832CBB8B3EFBD90CF /* RalphLogger.swift */ = {isa = PBXFileReference; includeInIndex = 1; lastKnownFileType = sourcecode.swift; path = RalphLogger.swift; sourceTree = "<group>"; };
		98182BE943CBB8B4EFCD01DG /* NotificationNames.swift */ = {isa = PBXFileReference; lastKnownFileType = sourcecode.swift; path = NotificationNames.swift; sourceTree = "<group>"; };
		9DB332D2325D439859B8655F /* QuickActionsSection.swift */ = {isa = PBXFileReference; includeInIndex = 1; lastKnownFileType = sourcecode.swift; path = QuickActionsSection.swift; sourceTree = "<group>"; };
		A0C8497F9C98D1E54DE2DBF0 /* TaskExecutionOverridesSection.swift */ = {isa = PBXFileReference; includeInIndex = 1; lastKnownFileType = sourcecode.swift; path = TaskExecutionOverridesSection.swift; sourceTree = "<group>"; };
		A1B2C3D4E5F60718G9H0I1J2 /* TaskListView.swift */ = {isa = PBXFileReference; lastKnownFileType = sourcecode.swift; name = TaskListView.swift; path = RalphMac/TaskListView.swift; sourceTree = "<group>"; };
		A24E80C16889B4FDE88205DC /* CrashReporter.swift */ = {isa = PBXFileReference; includeInIndex = 1; lastKnownFileType = sourcecode.swift; path = CrashReporter.swift; sourceTree = "<group>"; };
		AA11BB22CC33DD44EE55FF6677889900 /* TaskDetailView.swift */ = {isa = PBXFileReference; lastKnownFileType = sourcecode.swift; name = TaskDetailView.swift; path = RalphMac/TaskDetailView.swift; sourceTree = "<group>"; };
		AABBCCDDEEFF001122334455 /* GraphModels.swift */ = {isa = PBXFileReference; lastKnownFileType = sourcecode.swift; path = GraphModels.swift; sourceTree = "<group>"; };
		AC5B1F258352B5B5DC9FFF77 /* RunControlConsoleView.swift */ = {isa = PBXFileReference; includeInIndex = 1; lastKnownFileType = sourcecode.swift; name = RunControlConsoleView.swift; path = RunControlConsoleView.swift; sourceTree = "<group>"; };
		AF00ECB3884C6A991E9ED664 /* RetryHelper.swift */ = {isa = PBXFileReference; includeInIndex = 1; lastKnownFileType = sourcecode.swift; path = RetryHelper.swift; sourceTree = "<group>"; };
		ASETTINGSINFRAREF0012345678900 /* ASettingsInfra.swift */ = {isa = PBXFileReference; lastKnownFileType = sourcecode.swift; path = ASettingsInfra.swift; sourceTree = "<group>"; };
		B1234567890ABCDEF1234567 /* QueueFileWatcher.swift */ = {isa = PBXFileReference; lastKnownFileType = sourcecode.swift; path = QueueFileWatcher.swift; sourceTree = "<group>"; };
		B2C3D4E5F60718G9H0I1J2K3 /* BulkActionsView.swift */ = {isa = PBXFileReference; lastKnownFileType = sourcecode.swift; name = BulkActionsView.swift; path = RalphMac/BulkActionsView.swift; sourceTree = "<group>"; };
		B2C3D4E5F678901234567890 /* ANSIParserTests.swift */ = {isa = PBXFileReference; lastKnownFileType = sourcecode.swift; path = ANSIParserTests.swift; sourceTree = "<group>"; };
		B371E519DA1D4EB09E67EF01 /* RalphMac.app */ = {isa = PBXFileReference; explicitFileType = wrapper.application; includeInIndex = 0; path = RalphMac.app; sourceTree = BUILT_PRODUCTS_DIR; };
		B6D1EEC569C94444A00C7A84 /* Assets.xcassets */ = {isa = PBXFileReference; lastKnownFileType = folder.assetcatalog; path = Assets.xcassets; sourceTree = "<group>"; };
		B86FB79CF874558CF63AAAB3 /* RalphLoggerTests.swift */ = {isa = PBXFileReference; includeInIndex = 1; lastKnownFileType = sourcecode.swift; path = RalphLoggerTests.swift; sourceTree = "<group>"; };
		BB1111111111111111111111 /* AnalyticsDashboardView.swift */ = {isa = PBXFileReference; lastKnownFileType = sourcecode.swift; path = AnalyticsDashboardView.swift; sourceTree = "<group>"; };
		BB2222222222222222222222 /* BurndownChartView.swift */ = {isa = PBXFileReference; lastKnownFileType = sourcecode.swift; path = BurndownChartView.swift; sourceTree = "<group>"; };
		BB3333333333333333333333 /* CompletionHistoryChart.swift */ = {isa = PBXFileReference; lastKnownFileType = sourcecode.swift; path = CompletionHistoryChart.swift; sourceTree = "<group>"; };
		BB4444444444444444444444 /* PriorityDistributionCard.swift */ = {isa = PBXFileReference; lastKnownFileType = sourcecode.swift; path = PriorityDistributionCard.swift; sourceTree = "<group>"; };
		BB5555555555555555555555 /* TagBreakdownChart.swift */ = {isa = PBXFileReference; lastKnownFileType = sourcecode.swift; path = TagBreakdownChart.swift; sourceTree = "<group>"; };
		BB6666666666666666666666 /* TaskAgingCard.swift */ = {isa = PBXFileReference; lastKnownFileType = sourcecode.swift; path = TaskAgingCard.swift; sourceTree = "<group>"; };
		BB7777777777777777777777 /* VelocityChartView.swift */ = {isa = PBXFileReference; lastKnownFileType = sourcecode.swift; path = VelocityChartView.swift; sourceTree = "<group>"; };
		BB8888888888888888888888 /* VelocityDetailsCard.swift */ = {isa = PBXFileReference; lastKnownFileType = sourcecode.swift; path = VelocityDetailsCard.swift; sourceTree = "<group>"; };
		BBAA99887766554433221100 /* AnalyticsModels.swift */ = {isa = PBXFileReference; lastKnownFileType = sourcecode.swift; path = AnalyticsModels.swift; sourceTree = "<group>"; };
		BF349B26CB0886708565C0A7 /* RetryIntegrationTests.swift */ = {isa = PBXFileReference; includeInIndex = 1; lastKnownFileType = sourcecode.swift; path = RetryIntegrationTests.swift; sourceTree = "<group>"; };
		C0944A9447A23AA1748EC80A /* VersionValidatorTests.swift */ = {isa = PBXFileReference; includeInIndex = 1; lastKnownFileType = sourcecode.swift; path = VersionValidatorTests.swift; sourceTree = "<group>"; };
		C52C942A1CA040208A1757FF /* WorkspaceManager.swift */ = {isa = PBXFileReference; lastKnownFileType = sourcecode.swift; path = WorkspaceManager.swift; sourceTree = "<group>"; };
		CBD57BF49B1F7D43DD51BEBE /* AdvancedRunnerSection.swift */ = {isa = PBXFileReference; includeInIndex = 1; lastKnownFileType = sourcecode.swift; path = AdvancedRunnerSection.swift; sourceTree = "<group>"; };
		CC33DD44EE55FF6677889900AA11BB22 /* StringArrayEditor.swift */ = {isa = PBXFileReference; lastKnownFileType = sourcecode.swift; name = StringArrayEditor.swift; path = RalphMac/StringArrayEditor.swift; sourceTree = "<group>"; };
		CCDDEEFF001122334455AABB /* DependencyGraphView.swift */ = {isa = PBXFileReference; lastKnownFileType = sourcecode.swift; name = DependencyGraphView.swift; path = RalphMac/DependencyGraphView.swift; sourceTree = "<group>"; };
		CD112233445566778899AABB /* GraphAlgorithms.swift */ = {isa = PBXFileReference; lastKnownFileType = sourcecode.swift; path = GraphAlgorithms.swift; sourceTree = "<group>"; };
		CD33445566778899AABBCCDD /* GraphAlgorithmsTests.swift */ = {isa = PBXFileReference; lastKnownFileType = sourcecode.swift; path = GraphAlgorithmsTests.swift; sourceTree = "<group>"; };
		CONFIGMODELSREF001234567890 /* ConfigModels.swift */ = {isa = PBXFileReference; lastKnownFileType = sourcecode.swift; path = ConfigModels.swift; sourceTree = "<group>"; };
		CPCMDREF1234567890ABCDEF02 /* CommandPaletteCommand.swift */ = {isa = PBXFileReference; lastKnownFileType = sourcecode.swift; name = CommandPaletteCommand.swift; path = Models/CommandPaletteCommand.swift; sourceTree = "<group>"; };
		CPVIEWREF1234567890ABCDEF00 /* CommandPaletteView.swift */ = {isa = PBXFileReference; lastKnownFileType = sourcecode.swift; path = CommandPaletteView.swift; sourceTree = "<group>"; };
		CPVMREF1234567890ABCDEF01 /* CommandPaletteViewModel.swift */ = {isa = PBXFileReference; lastKnownFileType = sourcecode.swift; path = CommandPaletteViewModel.swift; sourceTree = "<group>"; };
		D09515AC14F94350B766E15468824B53 /* TaskCreationView.swift */ = {isa = PBXFileReference; lastKnownFileType = sourcecode.swift; name = TaskCreationView.swift; path = RalphMac/TaskCreationView.swift; sourceTree = "<group>"; };
		D54AE04AF32A434C9B785F2F /* Info.plist */ = {isa = PBXFileReference; lastKnownFileType = text.plist.xml; path = Info.plist; sourceTree = "<group>"; };
		DC080C0014F94BAE85020345FFAAFAF2 /* KanbanCardView.swift */ = {isa = PBXFileReference; lastKnownFileType = sourcecode.swift; name = KanbanCardView.swift; path = RalphMac/KanbanCardView.swift; sourceTree = "<group>"; };
		DCBA4321FEDC8765EF1021FE /* WorkspacePerformanceTests.swift */ = {isa = PBXFileReference; lastKnownFileType = sourcecode.swift; path = WorkspacePerformanceTests.swift; sourceTree = "<group>"; };
		DD112233445566778899AABB /* TaskConflictResolverView.swift */ = {isa = PBXFileReference; lastKnownFileType = sourcecode.swift; name = TaskConflictResolverView.swift; path = RalphMac/TaskConflictResolverView.swift; sourceTree = "<group>"; };
		E21132B9951449F09254F84C /* WindowView.swift */ = {isa = PBXFileReference; lastKnownFileType = sourcecode.swift; path = WindowView.swift; sourceTree = "<group>"; };
		E21C3A89A6C7227DBEC1280A /* CrashReporterTests.swift */ = {isa = PBXFileReference; includeInIndex = 1; lastKnownFileType = sourcecode.swift; path = CrashReporterTests.swift; sourceTree = "<group>"; };
		E4BA912C259042DDA03E653F /* RalphMacApp.swift */ = {isa = PBXFileReference; lastKnownFileType = sourcecode.swift; path = RalphMacApp.swift; sourceTree = "<group>"; };
		E5CB923D360143EED14F7540 /* AppDelegate.swift */ = {isa = PBXFileReference; lastKnownFileType = sourcecode.swift; path = AppDelegate.swift; sourceTree = "<group>"; };
		EE11DD22CC33BB44AA55FF6677889900 /* TaskDetailViewSupport.swift */ = {isa = PBXFileReference; lastKnownFileType = sourcecode.swift; name = TaskDetailViewSupport.swift; path = RalphMac/TaskDetailViewSupport.swift; sourceTree = "<group>"; };
		EE55FF6677889900AA11BB22CC33DD44 /* TagEditorView.swift */ = {isa = PBXFileReference; lastKnownFileType = sourcecode.swift; name = TagEditorView.swift; path = RalphMac/TagEditorView.swift; sourceTree = "<group>"; };
		F3014AC133794F7F8AF0E753 /* RalphModels.swift */ = {isa = PBXFileReference; lastKnownFileType = sourcecode.swift; path = RalphModels.swift; sourceTree = "<group>"; };
		F7044ECE073A4355A364CD631452E561 /* KanbanBoardView.swift */ = {isa = PBXFileReference; lastKnownFileType = sourcecode.swift; name = KanbanBoardView.swift; path = RalphMac/KanbanBoardView.swift; sourceTree = "<group>"; };
		QF7890123456ABCDEF012345 /* QueueDirectParseTests.swift */ = {isa = PBXFileReference; lastKnownFileType = sourcecode.swift; path = QueueDirectParseTests.swift; sourceTree = "<group>"; };
		WTCTFILEREF0012345678901 /* WorkspaceTaskCreationTests.swift */ = {isa = PBXFileReference; lastKnownFileType = sourcecode.swift; path = WorkspaceTaskCreationTests.swift; sourceTree = "<group>"; };
		SETTINGSVIEWMODELREF001234567 /* SettingsViewModel.swift */ = {isa = PBXFileReference; lastKnownFileType = sourcecode.swift; path = SettingsViewModel.swift; sourceTree = "<group>"; };
		SETTINGSVIEWREF0012345678901 /* AppSettings.swift */ = {isa = PBXFileReference; lastKnownFileType = sourcecode.swift; path = AppSettings.swift; sourceTree = "<group>"; };
		UITESTSFF0012345678901234 /* RalphMacUITests.xctest */ = {isa = PBXFileReference; explicitFileType = wrapper.cfbundle; includeInIndex = 0; path = RalphMacUITests.xctest; sourceTree = BUILT_PRODUCTS_DIR; };
		UITESTSFF1123456789012345 /* RalphMacUITests.swift */ = {isa = PBXFileReference; lastKnownFileType = sourcecode.swift; path = RalphMacUITests.swift; sourceTree = "<group>"; };
		UITESTSFF3345678901234567 /* RalphMacUITestsLaunchTests.swift */ = {isa = PBXFileReference; lastKnownFileType = sourcecode.swift; path = RalphMacUITestsLaunchTests.swift; sourceTree = "<group>"; };
		WCROUTEFREF1234567890ABC /* WindowCommandRouting.swift */ = {isa = PBXFileReference; lastKnownFileType = sourcecode.swift; path = WindowCommandRouting.swift; sourceTree = "<group>"; };
/* End PBXFileReference section */

/* Begin PBXFrameworksBuildPhase section */
		0BA70083EF404A3A97703616 /* Frameworks */ = {
			isa = PBXFrameworksBuildPhase;
			buildActionMask = 2147483647;
			files = (
				D1594D0AB21045BA9764BCE8 /* RalphCore.framework in Frameworks */,
			);
			runOnlyForDeploymentPostprocessing = 0;
		};
		2C7AD610594F438088529A64 /* Frameworks */ = {
			isa = PBXFrameworksBuildPhase;
			buildActionMask = 2147483647;
			files = (
				70B7D56D286A4C04AAA8F09B /* XCTest.framework in Frameworks */,
				12EEF5CB63D2451A8D8BDFCE /* RalphCore.framework in Frameworks */,
			);
			runOnlyForDeploymentPostprocessing = 0;
		};
		AA0EAF6CA14742A9B622F7AE /* Frameworks */ = {
			isa = PBXFrameworksBuildPhase;
			buildActionMask = 2147483647;
			files = (
			);
			runOnlyForDeploymentPostprocessing = 0;
		};
		UITESTSFP7789012345678901 /* Frameworks */ = {
			isa = PBXFrameworksBuildPhase;
			buildActionMask = 2147483647;
			files = (
			);
			runOnlyForDeploymentPostprocessing = 0;
		};
/* End PBXFrameworksBuildPhase section */

/* Begin PBXGroup section */
		2E41E8A437924074BBD351E1 /* Frameworks */ = {
			isa = PBXGroup;
			children = (
				5CF4286D31194E8ABD65BF48 /* XCTest.framework */,
			);
			name = Frameworks;
			sourceTree = "<group>";
		};
		37CDBC33081942368A3B78AC /* RalphCore */ = {
			isa = PBXGroup;
			children = (
				31B301E8A7CC431E930E7539 /* RalphCLIClient.swift */,
				5EE8951D88274919856E798A /* RalphCLIExecutableLocator.swift */,
				F3014AC133794F7F8AF0E753 /* RalphModels.swift */,
				AABBCCDDEEFF001122334455 /* GraphModels.swift */,
				CD112233445566778899AABB /* GraphAlgorithms.swift */,
				BBAA99887766554433221100 /* AnalyticsModels.swift */,
				0B651F8A746C4387B1F9D42A /* Workspace.swift */,
				C52C942A1CA040208A1757FF /* WorkspaceManager.swift */,
				4501A6DA17EA418787F9BC9C /* WindowState.swift */,
				B1234567890ABCDEF1234567 /* QueueFileWatcher.swift */,
				29D9B54003005176B3196572 /* VersionValidator.swift */,
				AF00ECB3884C6A991E9ED664 /* RetryHelper.swift */,
				97091AD832CBB8B3EFBD90CF /* RalphLogger.swift */,
				A24E80C16889B4FDE88205DC /* CrashReporter.swift */,
				0787D37F56E4D3F3585C3CAE /* MenuBarManager.swift */,
				CONFIGMODELSREF001234567890 /* ConfigModels.swift */,
			);
			path = RalphCore;
			sourceTree = "<group>";
		};
		7A3A0175AD6F45B3B27E6283 /* RalphCoreTests */ = {
			isa = PBXGroup;
			children = (
				B2C3D4E5F678901234567890 /* ANSIParserTests.swift */,
				7496516A44544D58A079C2B6 /* RalphCLIClientTests.swift */,
				34FD8AC4252040E88FB002F9 /* RalphModelsTests.swift */,
				65F63B68A6B84D5195D20137 /* RalphE2ESmokeTests.swift */,
				C0944A9447A23AA1748EC80A /* VersionValidatorTests.swift */,
				DCBA4321FEDC8765EF1021FE /* WorkspacePerformanceTests.swift */,
				77F3126530AB785086AAF51A /* RetryHelperTests.swift */,
				BF349B26CB0886708565C0A7 /* RetryIntegrationTests.swift */,
				B86FB79CF874558CF63AAAB3 /* RalphLoggerTests.swift */,
				E21C3A89A6C7227DBEC1280A /* CrashReporterTests.swift */,
				CD33445566778899AABBCCDD /* GraphAlgorithmsTests.swift */,
				QF7890123456ABCDEF012345 /* QueueDirectParseTests.swift */,
				WTCTFILEREF0012345678901 /* WorkspaceTaskCreationTests.swift */,
			);
			path = RalphCoreTests;
			sourceTree = "<group>";
		};
		B332EF4AA9D545C698B8C719 /* Products */ = {
			isa = PBXGroup;
			children = (
				B371E519DA1D4EB09E67EF01 /* RalphMac.app */,
				16591EC6C1744AC5AF4189A4 /* RalphCore.framework */,
				3ABCA66572BF4FE381DD0476 /* RalphCoreTests.xctest */,
				UITESTSFF0012345678901234 /* RalphMacUITests.xctest */,
			);
			name = Products;
			sourceTree = "<group>";
		};
		BD58D63541DE49C5B26FA533 = {
			isa = PBXGroup;
			children = (
				BD789869732744B880AE31D4 /* RalphMac */,
				37CDBC33081942368A3B78AC /* RalphCore */,
				7A3A0175AD6F45B3B27E6283 /* RalphCoreTests */,
				UITESTSGR4456789012345678 /* RalphMacUITests */,
				2E41E8A437924074BBD351E1 /* Frameworks */,
				B332EF4AA9D545C698B8C719 /* Products */,
			);
			sourceTree = "<group>";
		};
		BD789869732744B880AE31D4 /* RalphMac */ = {
			isa = PBXGroup;
			children = (
				E4BA912C259042DDA03E653F /* RalphMacApp.swift */,
				E5CB923D360143EED14F7540 /* AppDelegate.swift */,
				98182BE943CBB8B4EFCD01DG /* NotificationNames.swift */,
				WCROUTEFREF1234567890ABC /* WindowCommandRouting.swift */,
				6127F94DFD1B404CB5CC190B /* VisualEffectView.swift */,
				3B65E12FC434490D9A617CEB /* WorkspaceView.swift */,
				E21132B9951449F09254F84C /* WindowView.swift */,
				D54AE04AF32A434C9B785F2F /* Info.plist */,
				B6D1EEC569C94444A00C7A84 /* Assets.xcassets */,
				1144436E84A467CACB42516A /* NavigationViewModel.swift */,
				AC5B1F258352B5B5DC9FFF77 /* RunControlConsoleView.swift */,
				8B900514A511EC3E3539F2AA /* ElapsedTimeView.swift */,
				BB1111111111111111111111 /* AnalyticsDashboardView.swift */,
				BB2222222222222222222222 /* BurndownChartView.swift */,
				BB3333333333333333333333 /* CompletionHistoryChart.swift */,
				BB4444444444444444444444 /* PriorityDistributionCard.swift */,
				BB5555555555555555555555 /* TagBreakdownChart.swift */,
				BB6666666666666666666666 /* TaskAgingCard.swift */,
				BB7777777777777777777777 /* VelocityChartView.swift */,
				BB8888888888888888888888 /* VelocityDetailsCard.swift */,
				777A75CD59CE21353DC20516 /* MenuBarContentView.swift */,
				0CA719BF19DA9A8273DC7910 /* MenuBarIconView.swift */,
				CPVIEWREF1234567890ABCDEF00 /* CommandPaletteView.swift */,
				CPVMREF1234567890ABCDEF01 /* CommandPaletteViewModel.swift */,
				CPCMDREF1234567890ABCDEF02 /* CommandPaletteCommand.swift */,
				SETTINGSVIEWREF0012345678901 /* AppSettings.swift */,
				SETTINGSVIEWMODELREF001234567 /* SettingsViewModel.swift */,
				ASETTINGSINFRAREF0012345678900 /* ASettingsInfra.swift */,
				9DB332D2325D439859B8655F /* QuickActionsSection.swift */,
				4605921734E20A09AA113523 /* RunControlSection.swift */,
				CBD57BF49B1F7D43DD51BEBE /* AdvancedRunnerSection.swift */,
				47BB33D4574BC2AE48AE95A5 /* AnalyticsSection.swift */,
				85F21ECB14C15455214EB21E /* ConnectionStatusViews.swift */,
				3298F69D10A0636C5327AF65 /* WorkingDirectoryHeader.swift */,
				94E7D1BF4A91545A54A06C1A /* ConsoleView.swift */,
				A0C8497F9C98D1E54DE2DBF0 /* TaskExecutionOverridesSection.swift */,
			);
			path = RalphMac;
			sourceTree = "<group>";
		};
		UITESTSGR4456789012345678 /* RalphMacUITests */ = {
			isa = PBXGroup;
			children = (
				UITESTSFF1123456789012345 /* RalphMacUITests.swift */,
				UITESTSFF3345678901234567 /* RalphMacUITestsLaunchTests.swift */,
			);
			path = RalphMacUITests;
			sourceTree = "<group>";
		};
/* End PBXGroup section */

/* Begin PBXNativeTarget section */
		4818E090529D4C259376427E /* RalphCoreTests */ = {
			isa = PBXNativeTarget;
			buildConfigurationList = E875A2468A45481EB4CA9C6C /* Build configuration list for PBXNativeTarget "RalphCoreTests" */;
			buildPhases = (
				A214139BF6414CC7840DEBA4 /* Sources */,
				2C7AD610594F438088529A64 /* Frameworks */,
			);
			buildRules = (
			);
			dependencies = (
				1122AC7ED364425A881396F5 /* PBXTargetDependency */,
			);
			name = RalphCoreTests;
			productName = RalphCoreTests;
			productReference = 3ABCA66572BF4FE381DD0476 /* RalphCoreTests.xctest */;
			productType = "com.apple.product-type.bundle.unit-test";
		};
		5C9AA60D62CB4EBFBF02ACA1 /* RalphCore */ = {
			isa = PBXNativeTarget;
			buildConfigurationList = 0EC72EEB3CC34A26BFA5DA5F /* Build configuration list for PBXNativeTarget "RalphCore" */;
			buildPhases = (
				5160DFD9B63E4D5387E9DA40 /* Sources */,
				AA0EAF6CA14742A9B622F7AE /* Frameworks */,
			);
			buildRules = (
			);
			dependencies = (
			);
			name = RalphCore;
			productName = RalphCore;
			productReference = 16591EC6C1744AC5AF4189A4 /* RalphCore.framework */;
			productType = "com.apple.product-type.framework";
		};
		E19EB015790F40D39E28D0AC /* RalphMac */ = {
			isa = PBXNativeTarget;
			buildConfigurationList = 845DDA1F27474E578909C688 /* Build configuration list for PBXNativeTarget "RalphMac" */;
			buildPhases = (
				B97C0E5F296C4FF09CDD0457 /* Sources */,
				6684C2A63A9C4B44B5154781 /* Resources */,
				0BA70083EF404A3A97703616 /* Frameworks */,
				8EBDEB3EA80A4DEABC0FC877 /* Embed Frameworks */,
				32D95DBB511E4ABDA6EFD0C2 /* Build and Bundle ralph */,
			);
			buildRules = (
			);
			dependencies = (
				43B48ADB303044EA9D3131AE /* PBXTargetDependency */,
			);
			name = RalphMac;
			productName = RalphMac;
			productReference = B371E519DA1D4EB09E67EF01 /* RalphMac.app */;
			productType = "com.apple.product-type.application";
		};
		UITESTSTR4456789012345678 /* RalphMacUITests */ = {
			isa = PBXNativeTarget;
			buildConfigurationList = UITESTSCL5567890123456789 /* Build configuration list for PBXNativeTarget "RalphMacUITests" */;
			buildPhases = (
				UITESTSSP6678901234567890 /* Sources */,
				UITESTSFP7789012345678901 /* Frameworks */,
				UITESTSRP8890123456789012 /* Resources */,
			);
			buildRules = (
			);
			dependencies = (
				UITESTSTD9901234567890123 /* PBXTargetDependency */,
			);
			name = RalphMacUITests;
			productName = RalphMacUITests;
			productReference = UITESTSFF0012345678901234 /* RalphMacUITests.xctest */;
			productType = "com.apple.product-type.bundle.ui-testing";
		};
/* End PBXNativeTarget section */

/* Begin PBXProject section */
		138EF11C500E42C3A51D87DA /* Project object */ = {
			isa = PBXProject;
			attributes = {
				BuildIndependentTargetsInParallel = 1;
				LastSwiftUpdateCheck = 9999;
				LastUpgradeCheck = 9999;
				TargetAttributes = {
					4818E090529D4C259376427E = {
						CreatedOnToolsVersion = 26.2;
					};
					5C9AA60D62CB4EBFBF02ACA1 = {
						CreatedOnToolsVersion = 26.2;
					};
					E19EB015790F40D39E28D0AC = {
						CreatedOnToolsVersion = 26.2;
					};
				};
			};
			buildConfigurationList = A883C2477988484FB6FF7CE8 /* Build configuration list for PBXProject "RalphMac" */;
			compatibilityVersion = "Xcode 14.0";
			developmentRegion = en;
			hasScannedForEncodings = 0;
			knownRegions = (
				en,
				Base,
			);
			mainGroup = BD58D63541DE49C5B26FA533;
			productRefGroup = B332EF4AA9D545C698B8C719 /* Products */;
			projectDirPath = "";
			projectRoot = "";
			targets = (
				E19EB015790F40D39E28D0AC /* RalphMac */,
				5C9AA60D62CB4EBFBF02ACA1 /* RalphCore */,
				4818E090529D4C259376427E /* RalphCoreTests */,
				UITESTSTR4456789012345678 /* RalphMacUITests */,
			);
		};
/* End PBXProject section */

/* Begin PBXResourcesBuildPhase section */
		6684C2A63A9C4B44B5154781 /* Resources */ = {
			isa = PBXResourcesBuildPhase;
			buildActionMask = 2147483647;
			files = (
				51F423D7B6694FD1BBF01DDA /* Assets.xcassets in Resources */,
			);
			runOnlyForDeploymentPostprocessing = 0;
		};
		UITESTSRP8890123456789012 /* Resources */ = {
			isa = PBXResourcesBuildPhase;
			buildActionMask = 2147483647;
			files = (
			);
			runOnlyForDeploymentPostprocessing = 0;
		};
/* End PBXResourcesBuildPhase section */

/* Begin PBXShellScriptBuildPhase section */
		32D95DBB511E4ABDA6EFD0C2 /* Build and Bundle ralph */ = {
			isa = PBXShellScriptBuildPhase;
			buildActionMask = 2147483647;
			files = (
			);
			inputFileListPaths = (
			);
			inputPaths = (
				"$(SRCROOT)/../../Cargo.toml",
				"$(SRCROOT)/../../Cargo.lock",
				"$(SRCROOT)/../../target/debug/ralph",
				"$(SRCROOT)/../../target/release/ralph",
			);
			name = "Build and Bundle ralph";
			outputFileListPaths = (
			);
			outputPaths = (
				"$(BUILT_PRODUCTS_DIR)/$(EXECUTABLE_FOLDER_PATH)/ralph",
			);
			runOnlyForDeploymentPostprocessing = 0;
			shellPath = /bin/sh;
			shellScript = "set -euo pipefail\n\n# Bundle the Rust `ralph` CLI alongside the app executable so the GUI can invoke\n# a stable, in-bundle `ralph` without relying on PATH.\n#\n# This script *prefers* an already-built binary (fast, avoids rebuilding Ralph\n# during Xcode test runs). If missing, it attempts a Cargo build.\n\nROOT_DIR=\"${SRCROOT}/../..\"\nCONFIG=\"${CONFIGURATION}\"\ncd \"${ROOT_DIR}\"\n\nif [ \"${CONFIG}\" = \"Release\" ]; then\n  BIN_PATH=\"${ROOT_DIR}/target/release/ralph\"\n  BUILD_ARGS=\"build -p ralph-agent-loop --release\"\nelse\n  BIN_PATH=\"${ROOT_DIR}/target/debug/ralph\"\n  BUILD_ARGS=\"build -p ralph-agent-loop\"\nfi\n\nif [ ! -x \"${BIN_PATH}\" ]; then\n  echo \"ralph binary not found at ${BIN_PATH}; building via cargo...\" >&2\n  cargo ${BUILD_ARGS}\nfi\n\nif [ ! -x \"${BIN_PATH}\" ]; then\n  echo \"ralph binary still missing after build: ${BIN_PATH}\" >&2\n  exit 1\nfi\n\nDEST_DIR=\"${BUILT_PRODUCTS_DIR}/${EXECUTABLE_FOLDER_PATH}\"\nmkdir -p \"${DEST_DIR}\"\ncp -f \"${BIN_PATH}\" \"${DEST_DIR}/ralph\"\nchmod +x \"${DEST_DIR}/ralph\"\n";
		};
/* End PBXShellScriptBuildPhase section */

/* Begin PBXSourcesBuildPhase section */
		5160DFD9B63E4D5387E9DA40 /* Sources */ = {
			isa = PBXSourcesBuildPhase;
			buildActionMask = 2147483647;
			files = (
				EE9BBA22346A4F6089F70335 /* RalphCLIClient.swift in Sources */,
				0F5CF3F1723144EA83490033 /* RalphCLIExecutableLocator.swift in Sources */,
				EF9F001157144DB59DB782FF /* RalphModels.swift in Sources */,
				11223344556677889900AABB /* GraphModels.swift in Sources */,
				CD2233445566778899AABBCC /* GraphAlgorithms.swift in Sources */,
				99887766554433221100AABB /* AnalyticsModels.swift in Sources */,
				4A8D2E1F8B3C4D56A7E8F901 /* Workspace.swift in Sources */,
				5B9E3F2A9C4D5E67B8F90123 /* WorkspaceManager.swift in Sources */,
				6CAF4A3B0D5E6F78C9012345 /* WindowState.swift in Sources */,
				A1234567890ABCDEF1234567 /* QueueFileWatcher.swift in Sources */,
				F0991C52FCDBA422BDD86604 /* VersionValidator.swift in Sources */,
				CC99AA88BB77DD66EE55FF44 /* ConsoleOutputBuffer.swift in Sources */,
				B21C5D6A955D6896460637B7 /* RetryHelper.swift in Sources */,
				7F16054571FBB51EBC4A9448 /* RalphLogger.swift in Sources */,
				3BCD64DD1FD0B5B8CCFD9875 /* CrashReporter.swift in Sources */,
				A2AF6EF569D7C2ADDD8414C5 /* MenuBarManager.swift in Sources */,
				CONFIGMODELS001234567890 /* ConfigModels.swift in Sources */,
			);
			runOnlyForDeploymentPostprocessing = 0;
		};
		A214139BF6414CC7840DEBA4 /* Sources */ = {
			isa = PBXSourcesBuildPhase;
			buildActionMask = 2147483647;
			files = (
				A1B2C3D4E5F6789012345678 /* ANSIParserTests.swift in Sources */,
				ABCD1234EFAB5678CD9012EF /* WorkspacePerformanceTests.swift in Sources */,
				3A50AB4D19664FC7A750A366 /* RalphCLIClientTests.swift in Sources */,
				4531CFF0D6FF4741BB54C467 /* RalphModelsTests.swift in Sources */,
				DA8C4A1F9FDD44F5BCDE5CB9 /* RalphE2ESmokeTests.swift in Sources */,
				E4635AF24A810EE76495C30B /* VersionValidatorTests.swift in Sources */,
				268217A233EEC82D9B6E9767 /* RetryHelperTests.swift in Sources */,
				AC12ADCEB6FBE27F325003B5 /* RetryIntegrationTests.swift in Sources */,
				F6A75F8963921FE53D465FF3 /* RalphLoggerTests.swift in Sources */,
				77EFDF19FDCC6111A2D9D960 /* CrashReporterTests.swift in Sources */,
				CD445566778899AABBCCDDEE /* GraphAlgorithmsTests.swift in Sources */,
				QD7890123456ABCDEF012345 /* QueueDirectParseTests.swift in Sources */,
				WTCTBUILD001234567890123 /* WorkspaceTaskCreationTests.swift in Sources */,
			);
			runOnlyForDeploymentPostprocessing = 0;
		};
		B97C0E5F296C4FF09CDD0457 /* Sources */ = {
			isa = PBXSourcesBuildPhase;
			buildActionMask = 2147483647;
			files = (
				48E9CABEFF6345C7A6ABA4F9 /* RalphMacApp.swift in Sources */,
				49E9CACFFF6345C7A6ABA4FA /* AppDelegate.swift in Sources */,
				50F4E3E8CCF58E4DA7C9B66B /* NotificationNames.swift in Sources */,
				WCROUTEBLD1234567890ABCD /* WindowCommandRouting.swift in Sources */,
				558F4EFD40ED4813905A6B0A /* VisualEffectView.swift in Sources */,
				7D1B5B4C1E6F708D01234567 /* WorkspaceView.swift in Sources */,
				8E2C6C5D2F70819234567890 /* WindowView.swift in Sources */,
				BB22CC33DD44EE55FF6677889900AA11 /* TaskDetailView.swift in Sources */,
				AA99BB88CC77DD66EE55FF4400112233 /* TaskDetailViewSupport.swift in Sources */,
				CC112233445566778899AABB /* TaskConflictResolverView.swift in Sources */,
				DD44EE55FF6677889900AA11BB22CC33 /* StringArrayEditor.swift in Sources */,
				FF6677889900AA11BB22CC33DD44EE55 /* TagEditorView.swift in Sources */,
				223344556677889900AABBCCDDEEFF11 /* TaskRelationshipPicker.swift in Sources */,
				9A3B7C4E5D6E7F8A901B2C3D /* TaskListView.swift in Sources */,
				9B4C5D6E7F8A901B2C3D4E5F /* BulkActionsView.swift in Sources */,
				D21470E978C03EA41E8C185E /* NavigationViewModel.swift in Sources */,
				E1FE4FE54CB8402D84A8607625CC6BB5 /* TaskCreationView.swift in Sources */,
				81B3129D1A9B4ACBB70F0BDD4D0F049B /* KanbanBoardView.swift in Sources */,
				2895092585CD4799832FDA1479C815B8 /* KanbanCardView.swift in Sources */,
				62E2D8A333624CF58EA8D8EA9B611279 /* KanbanColumnView.swift in Sources */,
				DDEEFF001122334455AABBCC /* DependencyGraphView.swift in Sources */,
				AD262F5CE6FC50AECE385373 /* RunControlConsoleView.swift in Sources */,
				3845DDDEE8480D652D4F18BF /* ElapsedTimeView.swift in Sources */,
				AA1111111111111111111111 /* AnalyticsDashboardView.swift in Sources */,
				AA2222222222222222222222 /* BurndownChartView.swift in Sources */,
				AA3333333333333333333333 /* CompletionHistoryChart.swift in Sources */,
				AA4444444444444444444444 /* PriorityDistributionCard.swift in Sources */,
				AA5555555555555555555555 /* TagBreakdownChart.swift in Sources */,
				AA6666666666666666666666 /* TaskAgingCard.swift in Sources */,
				AA7777777777777777777777 /* VelocityChartView.swift in Sources */,
				AA8888888888888888888888 /* VelocityDetailsCard.swift in Sources */,
				5FE4D9D3BBE74EBC66FFAAFA /* MenuBarContentView.swift in Sources */,
				CEA0C56C54C067B285A7B1AD /* MenuBarIconView.swift in Sources */,
				CPVIEW1234567890ABCDEF00 /* CommandPaletteView.swift in Sources */,
				CPVM1234567890ABCDEF01 /* CommandPaletteViewModel.swift in Sources */,
				CPCMD1234567890ABCDEF02 /* CommandPaletteCommand.swift in Sources */,
				SETTINGSVIEW0012345678901 /* AppSettings.swift in Sources */,
				SETTINGSVIEWMODEL001234567 /* SettingsViewModel.swift in Sources */,
				ASETTINGSINFRA0012345678900 /* ASettingsInfra.swift in Sources */,
				F840487D12000534308C7AE2 /* QuickActionsSection.swift in Sources */,
				0A91540F767F0B72B29548E4 /* RunControlSection.swift in Sources */,
				EECED51732D072929E614B2F /* AdvancedRunnerSection.swift in Sources */,
				0FFC498DAD0AE8456CBC8A74 /* AnalyticsSection.swift in Sources */,
				85D7368B7EF304C513724E22 /* ConnectionStatusViews.swift in Sources */,
				E0A06224A60DB52B85109E99 /* WorkingDirectoryHeader.swift in Sources */,
				D9F46037BDEF60ADEEF6EEA9 /* ConsoleView.swift in Sources */,
				B46FBE1A725EA09170363A82 /* TaskExecutionOverridesSection.swift in Sources */,
			);
			runOnlyForDeploymentPostprocessing = 0;
		};
		UITESTSSP6678901234567890 /* Sources */ = {
			isa = PBXSourcesBuildPhase;
			buildActionMask = 2147483647;
			files = (
				UITESTSBB0012345678901234 /* RalphMacUITests.swift in Sources */,
				UITESTSBB2234567890123456 /* RalphMacUITestsLaunchTests.swift in Sources */,
			);
			runOnlyForDeploymentPostprocessing = 0;
		};
/* End PBXSourcesBuildPhase section */

/* Begin PBXTargetDependency section */
		1122AC7ED364425A881396F5 /* PBXTargetDependency */ = {
			isa = PBXTargetDependency;
			target = 5C9AA60D62CB4EBFBF02ACA1 /* RalphCore */;
			targetProxy = 4CEE1CF6B16E4FFB856939B5 /* PBXContainerItemProxy */;
		};
		43B48ADB303044EA9D3131AE /* PBXTargetDependency */ = {
			isa = PBXTargetDependency;
			target = 5C9AA60D62CB4EBFBF02ACA1 /* RalphCore */;
			targetProxy = 6CED8CCC14D740F9B798C3E1 /* PBXContainerItemProxy */;
		};
		UITESTSTD9901234567890123 /* PBXTargetDependency */ = {
			isa = PBXTargetDependency;
			target = E19EB015790F40D39E28D0AC /* RalphMac */;
			targetProxy = UITESTSCP0012345678901234 /* PBXContainerItemProxy */;
		};
/* End PBXTargetDependency section */

/* Begin XCBuildConfiguration section */
		48E5CD39346F46D2BEE761EE /* Release */ = {
			isa = XCBuildConfiguration;
			buildSettings = {
				ALWAYS_SEARCH_USER_PATHS = NO;
				CODE_SIGNING_ALLOWED = NO;
				CODE_SIGNING_REQUIRED = NO;
				DEBUG_INFORMATION_FORMAT = dwarf;
				MACOSX_DEPLOYMENT_TARGET = 15.0;
				SDKROOT = macosx;
				SWIFT_STRICT_CONCURRENCY = complete;
				SWIFT_UPCOMING_FEATURE_EXISTENTIAL_ANY = YES;
				SWIFT_UPCOMING_FEATURE_INTERNAL_IMPORTS_BY_DEFAULT = YES;
				SWIFT_VERSION = 6.2;
			};
			name = Release;
		};
		4C9BEF10EB2A41DF8CB316A6 /* Debug */ = {
			isa = XCBuildConfiguration;
			buildSettings = {
				ALWAYS_SEARCH_USER_PATHS = NO;
				BUNDLE_LOADER = "";
				CODE_SIGNING_ALLOWED = NO;
				CODE_SIGNING_REQUIRED = NO;
				MACOSX_DEPLOYMENT_TARGET = 15.0;
				PRODUCT_BUNDLE_IDENTIFIER = com.mitchfultz.ralph.coretests;
				PRODUCT_NAME = RalphCoreTests;
				SDKROOT = macosx;
				SWIFT_STRICT_CONCURRENCY = complete;
				SWIFT_UPCOMING_FEATURE_EXISTENTIAL_ANY = YES;
				SWIFT_UPCOMING_FEATURE_INTERNAL_IMPORTS_BY_DEFAULT = YES;
				SWIFT_VERSION = 6.2;
			};
			name = Debug;
		};
		80A365D7DD024948A0806963 /* Release */ = {
			isa = XCBuildConfiguration;
			buildSettings = {
				ALWAYS_SEARCH_USER_PATHS = NO;
				CODE_SIGNING_ALLOWED = NO;
				CODE_SIGNING_REQUIRED = NO;
				DEFINES_MODULE = YES;
				DYLIB_INSTALL_NAME_BASE = "@rpath";
				GENERATE_INFOPLIST_FILE = YES;
				LD_RUNPATH_SEARCH_PATHS = (
					"$(inherited)",
					"@executable_path/../Frameworks",
					"@loader_path/Frameworks",
				);
				MACOSX_DEPLOYMENT_TARGET = 15.0;
				PRODUCT_BUNDLE_IDENTIFIER = com.mitchfultz.ralph.core;
				PRODUCT_NAME = RalphCore;
				SDKROOT = macosx;
				SKIP_INSTALL = YES;
				SWIFT_VERSION = 6.2;
			};
			name = Release;
		};
		9F479C73F5074F3AB3359247 /* Release */ = {
			isa = XCBuildConfiguration;
			buildSettings = {
				ALWAYS_SEARCH_USER_PATHS = NO;
				ASSETCATALOG_COMPILER_APPICON_NAME = AppIcon;
				CODE_SIGNING_ALLOWED = NO;
				CODE_SIGNING_REQUIRED = NO;
				COMBINE_HIDPI_IMAGES = YES;
				CURRENT_PROJECT_VERSION = 100;
				DEVELOPMENT_TEAM = "";
				ENABLE_HARDENED_RUNTIME = NO;
				INFOPLIST_FILE = RalphMac/Info.plist;
				LD_RUNPATH_SEARCH_PATHS = (
					"$(inherited)",
					"@executable_path/../Frameworks",
				);
				MACOSX_DEPLOYMENT_TARGET = 15.0;
				MARKETING_VERSION = 0.1.0;
				PRODUCT_BUNDLE_IDENTIFIER = com.mitchfultz.ralph;
				PRODUCT_NAME = RalphMac;
				SDKROOT = macosx;
				SWIFT_STRICT_CONCURRENCY = complete;
				SWIFT_UPCOMING_FEATURE_EXISTENTIAL_ANY = YES;
				SWIFT_UPCOMING_FEATURE_INTERNAL_IMPORTS_BY_DEFAULT = YES;
				SWIFT_VERSION = 6.2;
			};
			name = Release;
		};
		CFDD27DC0C014C6C9DF2D6A2 /* Debug */ = {
			isa = XCBuildConfiguration;
			buildSettings = {
				ALWAYS_SEARCH_USER_PATHS = NO;
				ASSETCATALOG_COMPILER_APPICON_NAME = AppIcon;
				CODE_SIGNING_ALLOWED = NO;
				CODE_SIGNING_REQUIRED = NO;
				COMBINE_HIDPI_IMAGES = YES;
				CURRENT_PROJECT_VERSION = 100;
				DEVELOPMENT_TEAM = "";
				ENABLE_HARDENED_RUNTIME = NO;
				INFOPLIST_FILE = RalphMac/Info.plist;
				LD_RUNPATH_SEARCH_PATHS = (
					"$(inherited)",
					"@executable_path/../Frameworks",
				);
				MACOSX_DEPLOYMENT_TARGET = 15.0;
				MARKETING_VERSION = 0.1.0;
				PRODUCT_BUNDLE_IDENTIFIER = com.mitchfultz.ralph;
				PRODUCT_NAME = RalphMac;
				SDKROOT = macosx;
				SWIFT_STRICT_CONCURRENCY = complete;
				SWIFT_UPCOMING_FEATURE_EXISTENTIAL_ANY = YES;
				SWIFT_UPCOMING_FEATURE_INTERNAL_IMPORTS_BY_DEFAULT = YES;
				SWIFT_VERSION = 6.2;
			};
			name = Debug;
		};
		EB912F7622194A36AF87AB62 /* Release */ = {
			isa = XCBuildConfiguration;
			buildSettings = {
				ALWAYS_SEARCH_USER_PATHS = NO;
				BUNDLE_LOADER = "";
				CODE_SIGNING_ALLOWED = NO;
				CODE_SIGNING_REQUIRED = NO;
				MACOSX_DEPLOYMENT_TARGET = 15.0;
				PRODUCT_BUNDLE_IDENTIFIER = com.mitchfultz.ralph.coretests;
				PRODUCT_NAME = RalphCoreTests;
				SDKROOT = macosx;
				SWIFT_STRICT_CONCURRENCY = complete;
				SWIFT_UPCOMING_FEATURE_EXISTENTIAL_ANY = YES;
				SWIFT_UPCOMING_FEATURE_INTERNAL_IMPORTS_BY_DEFAULT = YES;
				SWIFT_VERSION = 6.2;
			};
			name = Release;
		};
		EF34D3AE55844BFBB05334F3 /* Debug */ = {
			isa = XCBuildConfiguration;
			buildSettings = {
				ALWAYS_SEARCH_USER_PATHS = NO;
				CODE_SIGNING_ALLOWED = NO;
				CODE_SIGNING_REQUIRED = NO;
				DEBUG_INFORMATION_FORMAT = dwarf;
				ENABLE_TESTABILITY = YES;
				MACOSX_DEPLOYMENT_TARGET = 15.0;
				SDKROOT = macosx;
				SWIFT_STRICT_CONCURRENCY = complete;
				SWIFT_UPCOMING_FEATURE_EXISTENTIAL_ANY = YES;
				SWIFT_UPCOMING_FEATURE_INTERNAL_IMPORTS_BY_DEFAULT = YES;
				SWIFT_VERSION = 6.2;
			};
			name = Debug;
		};
		FAF03663E4D5405984087A13 /* Debug */ = {
			isa = XCBuildConfiguration;
			buildSettings = {
				ALWAYS_SEARCH_USER_PATHS = NO;
				CODE_SIGNING_ALLOWED = NO;
				CODE_SIGNING_REQUIRED = NO;
				DEFINES_MODULE = YES;
				DYLIB_INSTALL_NAME_BASE = "@rpath";
				GENERATE_INFOPLIST_FILE = YES;
				LD_RUNPATH_SEARCH_PATHS = (
					"$(inherited)",
					"@executable_path/../Frameworks",
					"@loader_path/Frameworks",
				);
				MACOSX_DEPLOYMENT_TARGET = 15.0;
				PRODUCT_BUNDLE_IDENTIFIER = com.mitchfultz.ralph.core;
				PRODUCT_NAME = RalphCore;
				SDKROOT = macosx;
				SKIP_INSTALL = YES;
				SWIFT_VERSION = 6.2;
			};
			name = Debug;
		};
		UITESTSCD1123456789012345 /* Debug */ = {
			isa = XCBuildConfiguration;
			buildSettings = {
				ALWAYS_SEARCH_USER_PATHS = NO;
				CODE_SIGNING_ALLOWED = NO;
				CODE_SIGNING_REQUIRED = NO;
				CURRENT_PROJECT_VERSION = 100;
				GENERATE_INFOPLIST_FILE = YES;
				MACOSX_DEPLOYMENT_TARGET = 15.0;
				MARKETING_VERSION = 0.1.0;
				PRODUCT_BUNDLE_IDENTIFIER = com.mitchfultz.ralph.uitests;
				PRODUCT_NAME = RalphMacUITests;
				SDKROOT = macosx;
				SWIFT_VERSION = 6.2;
				TEST_TARGET_NAME = RalphMac;
			};
			name = Debug;
		};
		UITESTSCD2234567890123456 /* Release */ = {
			isa = XCBuildConfiguration;
			buildSettings = {
				ALWAYS_SEARCH_USER_PATHS = NO;
				CODE_SIGNING_ALLOWED = NO;
				CODE_SIGNING_REQUIRED = NO;
				CURRENT_PROJECT_VERSION = 100;
				GENERATE_INFOPLIST_FILE = YES;
				MACOSX_DEPLOYMENT_TARGET = 15.0;
				MARKETING_VERSION = 0.1.0;
				PRODUCT_BUNDLE_IDENTIFIER = com.mitchfultz.ralph.uitests;
				PRODUCT_NAME = RalphMacUITests;
				SDKROOT = macosx;
				SWIFT_VERSION = 6.2;
				TEST_TARGET_NAME = RalphMac;
			};
			name = Release;
		};
/* End XCBuildConfiguration section */

/* Begin XCConfigurationList section */
		0EC72EEB3CC34A26BFA5DA5F /* Build configuration list for PBXNativeTarget "RalphCore" */ = {
			isa = XCConfigurationList;
			buildConfigurations = (
				FAF03663E4D5405984087A13 /* Debug */,
				80A365D7DD024948A0806963 /* Release */,
			);
			defaultConfigurationIsVisible = 0;
			defaultConfigurationName = Debug;
		};
		845DDA1F27474E578909C688 /* Build configuration list for PBXNativeTarget "RalphMac" */ = {
			isa = XCConfigurationList;
			buildConfigurations = (
				CFDD27DC0C014C6C9DF2D6A2 /* Debug */,
				9F479C73F5074F3AB3359247 /* Release */,
			);
			defaultConfigurationIsVisible = 0;
			defaultConfigurationName = Debug;
		};
		A883C2477988484FB6FF7CE8 /* Build configuration list for PBXProject "RalphMac" */ = {
			isa = XCConfigurationList;
			buildConfigurations = (
				EF34D3AE55844BFBB05334F3 /* Debug */,
				48E5CD39346F46D2BEE761EE /* Release */,
			);
			defaultConfigurationIsVisible = 0;
			defaultConfigurationName = Debug;
		};
		E875A2468A45481EB4CA9C6C /* Build configuration list for PBXNativeTarget "RalphCoreTests" */ = {
			isa = XCConfigurationList;
			buildConfigurations = (
				4C9BEF10EB2A41DF8CB316A6 /* Debug */,
				EB912F7622194A36AF87AB62 /* Release */,
			);
			defaultConfigurationIsVisible = 0;
			defaultConfigurationName = Debug;
		};
		UITESTSCL5567890123456789 /* Build configuration list for PBXNativeTarget "RalphMacUITests" */ = {
			isa = XCConfigurationList;
			buildConfigurations = (
				UITESTSCD1123456789012345 /* Debug */,
				UITESTSCD2234567890123456 /* Release */,
			);
			defaultConfigurationIsVisible = 0;
			defaultConfigurationName = Debug;
		};
/* End XCConfigurationList section */
	};
	rootObject = 138EF11C500E42C3A51D87DA /* Project object */;
}
