// !$*UTF8*$!
{
	archiveVersion = 1;
	classes = {
	};
	objectVersion = 56;
	objects = {

/* Begin PBXBuildFile section */
		0F5CF3F1723144EA83490033 /* RalphCLIExecutableLocator.swift in Sources */ = {isa = PBXBuildFile; fileRef = 5EE8951D88274919856E798A /* RalphCLIExecutableLocator.swift */; };
		11223344556677889900AABB /* GraphModels.swift in Sources */ = {isa = PBXBuildFile; fileRef = AABBCCDDEEFF001122334455 /* GraphModels.swift */; };
		12EEF5CB63D2451A8D8BDFCE /* RalphCore.framework in Frameworks */ = {isa = PBXBuildFile; fileRef = 16591EC6C1744AC5AF4189A4 /* RalphCore.framework */; };
		179B8788CE02428A89379BFC /* RalphCore.framework in Embed Frameworks */ = {isa = PBXBuildFile; fileRef = 16591EC6C1744AC5AF4189A4 /* RalphCore.framework */; settings = {ATTRIBUTES = (CodeSignOnCopy, RemoveHeadersOnCopy, ); }; };
		223344556677889900AABBCCDDEEFF11 /* TaskRelationshipPicker.swift in Sources */ = {isa = PBXBuildFile; fileRef = 11223344556677889900AABBCCDDEEFF /* TaskRelationshipPicker.swift */; };
		2895092585CD4799832FDA1479C815B8 /* KanbanCardView.swift in Sources */ = {isa = PBXBuildFile; fileRef = DC080C0014F94BAE85020345FFAAFAF2 /* KanbanCardView.swift */; };
		3845DDDEE8480D652D4F18BF /* ElapsedTimeView.swift in Sources */ = {isa = PBXBuildFile; fileRef = 8B900514A511EC3E3539F2AA /* ElapsedTimeView.swift */; };
		3A50AB4D19664FC7A750A366 /* RalphCLIClientTests.swift in Sources */ = {isa = PBXBuildFile; fileRef = 7496516A44544D58A079C2B6 /* RalphCLIClientTests.swift */; };
		4531CFF0D6FF4741BB54C467 /* RalphModelsTests.swift in Sources */ = {isa = PBXBuildFile; fileRef = 34FD8AC4252040E88FB002F9 /* RalphModelsTests.swift */; };
		48E9CABEFF6345C7A6ABA4F9 /* RalphMacApp.swift in Sources */ = {isa = PBXBuildFile; fileRef = E4BA912C259042DDA03E653F /* RalphMacApp.swift */; };
		4A8D2E1F8B3C4D56A7E8F901 /* Workspace.swift in Sources */ = {isa = PBXBuildFile; fileRef = 0B651F8A746C4387B1F9D42A /* Workspace.swift */; };
		51F423D7B6694FD1BBF01DDA /* Assets.xcassets in Resources */ = {isa = PBXBuildFile; fileRef = B6D1EEC569C94444A00C7A84 /* Assets.xcassets */; };
		558F4EFD40ED4813905A6B0A /* VisualEffectView.swift in Sources */ = {isa = PBXBuildFile; fileRef = 6127F94DFD1B404CB5CC190B /* VisualEffectView.swift */; };
		5B9E3F2A9C4D5E67B8F90123 /* WorkspaceManager.swift in Sources */ = {isa = PBXBuildFile; fileRef = C52C942A1CA040208A1757FF /* WorkspaceManager.swift */; };
		62E2D8A333624CF58EA8D8EA9B611279 /* KanbanColumnView.swift in Sources */ = {isa = PBXBuildFile; fileRef = 3CE6C4AFCBD2413B8BF2F723BD308B4D /* KanbanColumnView.swift */; };
		6CAF4A3B0D5E6F78C9012345 /* WindowState.swift in Sources */ = {isa = PBXBuildFile; fileRef = 4501A6DA17EA418787F9BC9C /* WindowState.swift */; };
		70B7D56D286A4C04AAA8F09B /* XCTest.framework in Frameworks */ = {isa = PBXBuildFile; fileRef = 5CF4286D31194E8ABD65BF48 /* XCTest.framework */; };
		7D1B5B4C1E6F708D01234567 /* WorkspaceView.swift in Sources */ = {isa = PBXBuildFile; fileRef = 3B65E12FC434490D9A617CEB /* WorkspaceView.swift */; };
		81B3129D1A9B4ACBB70F0BDD4D0F049B /* KanbanBoardView.swift in Sources */ = {isa = PBXBuildFile; fileRef = F7044ECE073A4355A364CD631452E561 /* KanbanBoardView.swift */; };
		8E2C6C5D2F70819234567890 /* WindowView.swift in Sources */ = {isa = PBXBuildFile; fileRef = E21132B9951449F09254F84C /* WindowView.swift */; };
		9A3B7C4E5D6E7F8A901B2C3D /* TaskListView.swift in Sources */ = {isa = PBXBuildFile; fileRef = A1B2C3D4E5F60718G9H0I1J2 /* TaskListView.swift */; };
		A1234567890ABCDEF1234567 /* QueueFileWatcher.swift in Sources */ = {isa = PBXBuildFile; fileRef = B1234567890ABCDEF1234567 /* QueueFileWatcher.swift */; };
		AD262F5CE6FC50AECE385373 /* RunControlConsoleView.swift in Sources */ = {isa = PBXBuildFile; fileRef = AC5B1F258352B5B5DC9FFF77 /* RunControlConsoleView.swift */; };
		BB22CC33DD44EE55FF6677889900AA11 /* TaskDetailView.swift in Sources */ = {isa = PBXBuildFile; fileRef = AA11BB22CC33DD44EE55FF6677889900 /* TaskDetailView.swift */; };
		D1594D0AB21045BA9764BCE8 /* RalphCore.framework in Frameworks */ = {isa = PBXBuildFile; fileRef = 16591EC6C1744AC5AF4189A4 /* RalphCore.framework */; };
		D21470E978C03EA41E8C185E /* NavigationViewModel.swift in Sources */ = {isa = PBXBuildFile; fileRef = 1144436E84A467CACB42516A /* NavigationViewModel.swift */; };
		DA8C4A1F9FDD44F5BCDE5CB9 /* RalphE2ESmokeTests.swift in Sources */ = {isa = PBXBuildFile; fileRef = 65F63B68A6B84D5195D20137 /* RalphE2ESmokeTests.swift */; };
		DD44EE55FF6677889900AA11BB22CC33 /* StringArrayEditor.swift in Sources */ = {isa = PBXBuildFile; fileRef = CC33DD44EE55FF6677889900AA11BB22 /* StringArrayEditor.swift */; };
		DDEEFF001122334455AABBCC /* DependencyGraphView.swift in Sources */ = {isa = PBXBuildFile; fileRef = CCDDEEFF001122334455AABB /* DependencyGraphView.swift */; };
		E1FE4FE54CB8402D84A8607625CC6BB5 /* TaskCreationView.swift in Sources */ = {isa = PBXBuildFile; fileRef = D09515AC14F94350B766E15468824B53 /* TaskCreationView.swift */; };
		EE9BBA22346A4F6089F70335 /* RalphCLIClient.swift in Sources */ = {isa = PBXBuildFile; fileRef = 31B301E8A7CC431E930E7539 /* RalphCLIClient.swift */; };
		EF9F001157144DB59DB782FF /* RalphModels.swift in Sources */ = {isa = PBXBuildFile; fileRef = F3014AC133794F7F8AF0E753 /* RalphModels.swift */; };
		FF6677889900AA11BB22CC33DD44EE55 /* TagEditorView.swift in Sources */ = {isa = PBXBuildFile; fileRef = EE55FF6677889900AA11BB22CC33DD44 /* TagEditorView.swift */; };
/* End PBXBuildFile section */

/* Begin PBXContainerItemProxy section */
		4CEE1CF6B16E4FFB856939B5 /* PBXContainerItemProxy */ = {
			isa = PBXContainerItemProxy;
			containerPortal = 138EF11C500E42C3A51D87DA /* Project object */;
			proxyType = 1;
			remoteGlobalIDString = 5C9AA60D62CB4EBFBF02ACA1;
			remoteInfo = RalphCore;
		};
		6CED8CCC14D740F9B798C3E1 /* PBXContainerItemProxy */ = {
			isa = PBXContainerItemProxy;
			containerPortal = 138EF11C500E42C3A51D87DA /* Project object */;
			proxyType = 1;
			remoteGlobalIDString = 5C9AA60D62CB4EBFBF02ACA1;
			remoteInfo = RalphCore;
		};
/* End PBXContainerItemProxy section */

/* Begin PBXCopyFilesBuildPhase section */
		8EBDEB3EA80A4DEABC0FC877 /* Embed Frameworks */ = {
			isa = PBXCopyFilesBuildPhase;
			buildActionMask = 2147483647;
			dstPath = "";
			dstSubfolderSpec = 10;
			files = (
				179B8788CE02428A89379BFC /* RalphCore.framework in Embed Frameworks */,
			);
			name = "Embed Frameworks";
			runOnlyForDeploymentPostprocessing = 0;
		};
/* End PBXCopyFilesBuildPhase section */

/* Begin PBXFileReference section */
		0B651F8A746C4387B1F9D42A /* Workspace.swift */ = {isa = PBXFileReference; lastKnownFileType = sourcecode.swift; path = Workspace.swift; sourceTree = "<group>"; };
		11223344556677889900AABBCCDDEEFF /* TaskRelationshipPicker.swift */ = {isa = PBXFileReference; lastKnownFileType = sourcecode.swift; name = TaskRelationshipPicker.swift; path = RalphMac/TaskRelationshipPicker.swift; sourceTree = "<group>"; };
		1144436E84A467CACB42516A /* NavigationViewModel.swift */ = {isa = PBXFileReference; includeInIndex = 1; lastKnownFileType = sourcecode.swift; name = NavigationViewModel.swift; path = NavigationViewModel.swift; sourceTree = "<group>"; };
		16591EC6C1744AC5AF4189A4 /* RalphCore.framework */ = {isa = PBXFileReference; explicitFileType = wrapper.framework; includeInIndex = 0; path = RalphCore.framework; sourceTree = BUILT_PRODUCTS_DIR; };
		31B301E8A7CC431E930E7539 /* RalphCLIClient.swift */ = {isa = PBXFileReference; lastKnownFileType = sourcecode.swift; path = RalphCLIClient.swift; sourceTree = "<group>"; };
		34FD8AC4252040E88FB002F9 /* RalphModelsTests.swift */ = {isa = PBXFileReference; lastKnownFileType = sourcecode.swift; path = RalphModelsTests.swift; sourceTree = "<group>"; };
		3ABCA66572BF4FE381DD0476 /* RalphCoreTests.xctest */ = {isa = PBXFileReference; explicitFileType = wrapper.cfbundle; includeInIndex = 0; path = RalphCoreTests.xctest; sourceTree = BUILT_PRODUCTS_DIR; };
		3B65E12FC434490D9A617CEB /* WorkspaceView.swift */ = {isa = PBXFileReference; lastKnownFileType = sourcecode.swift; path = WorkspaceView.swift; sourceTree = "<group>"; };
		3CE6C4AFCBD2413B8BF2F723BD308B4D /* KanbanColumnView.swift */ = {isa = PBXFileReference; lastKnownFileType = sourcecode.swift; name = KanbanColumnView.swift; path = RalphMac/KanbanColumnView.swift; sourceTree = "<group>"; };
		4501A6DA17EA418787F9BC9C /* WindowState.swift */ = {isa = PBXFileReference; lastKnownFileType = sourcecode.swift; path = WindowState.swift; sourceTree = "<group>"; };
		5CF4286D31194E8ABD65BF48 /* XCTest.framework */ = {isa = PBXFileReference; lastKnownFileType = wrapper.framework; name = XCTest.framework; path = System/Library/Frameworks/XCTest.framework; sourceTree = SDKROOT; };
		5EE8951D88274919856E798A /* RalphCLIExecutableLocator.swift */ = {isa = PBXFileReference; lastKnownFileType = sourcecode.swift; path = RalphCLIExecutableLocator.swift; sourceTree = "<group>"; };
		6127F94DFD1B404CB5CC190B /* VisualEffectView.swift */ = {isa = PBXFileReference; lastKnownFileType = sourcecode.swift; path = VisualEffectView.swift; sourceTree = "<group>"; };
		65F63B68A6B84D5195D20137 /* RalphE2ESmokeTests.swift */ = {isa = PBXFileReference; lastKnownFileType = sourcecode.swift; path = RalphE2ESmokeTests.swift; sourceTree = "<group>"; };
		7496516A44544D58A079C2B6 /* RalphCLIClientTests.swift */ = {isa = PBXFileReference; lastKnownFileType = sourcecode.swift; path = RalphCLIClientTests.swift; sourceTree = "<group>"; };
		8B900514A511EC3E3539F2AA /* ElapsedTimeView.swift */ = {isa = PBXFileReference; includeInIndex = 1; lastKnownFileType = sourcecode.swift; name = ElapsedTimeView.swift; path = ElapsedTimeView.swift; sourceTree = "<group>"; };
		A1B2C3D4E5F60718G9H0I1J2 /* TaskListView.swift */ = {isa = PBXFileReference; lastKnownFileType = sourcecode.swift; name = TaskListView.swift; path = RalphMac/TaskListView.swift; sourceTree = "<group>"; };
		AA11BB22CC33DD44EE55FF6677889900 /* TaskDetailView.swift */ = {isa = PBXFileReference; lastKnownFileType = sourcecode.swift; name = TaskDetailView.swift; path = RalphMac/TaskDetailView.swift; sourceTree = "<group>"; };
		AABBCCDDEEFF001122334455 /* GraphModels.swift */ = {isa = PBXFileReference; lastKnownFileType = sourcecode.swift; path = GraphModels.swift; sourceTree = "<group>"; };
		AC5B1F258352B5B5DC9FFF77 /* RunControlConsoleView.swift */ = {isa = PBXFileReference; includeInIndex = 1; lastKnownFileType = sourcecode.swift; name = RunControlConsoleView.swift; path = RunControlConsoleView.swift; sourceTree = "<group>"; };
		B1234567890ABCDEF1234567 /* QueueFileWatcher.swift */ = {isa = PBXFileReference; lastKnownFileType = sourcecode.swift; path = QueueFileWatcher.swift; sourceTree = "<group>"; };
		B371E519DA1D4EB09E67EF01 /* RalphMac.app */ = {isa = PBXFileReference; explicitFileType = wrapper.application; includeInIndex = 0; path = RalphMac.app; sourceTree = BUILT_PRODUCTS_DIR; };
		B6D1EEC569C94444A00C7A84 /* Assets.xcassets */ = {isa = PBXFileReference; lastKnownFileType = folder.assetcatalog; path = Assets.xcassets; sourceTree = "<group>"; };
		C52C942A1CA040208A1757FF /* WorkspaceManager.swift */ = {isa = PBXFileReference; lastKnownFileType = sourcecode.swift; path = WorkspaceManager.swift; sourceTree = "<group>"; };
		CC33DD44EE55FF6677889900AA11BB22 /* StringArrayEditor.swift */ = {isa = PBXFileReference; lastKnownFileType = sourcecode.swift; name = StringArrayEditor.swift; path = RalphMac/StringArrayEditor.swift; sourceTree = "<group>"; };
		CCDDEEFF001122334455AABB /* DependencyGraphView.swift */ = {isa = PBXFileReference; lastKnownFileType = sourcecode.swift; name = DependencyGraphView.swift; path = RalphMac/DependencyGraphView.swift; sourceTree = "<group>"; };
		D09515AC14F94350B766E15468824B53 /* TaskCreationView.swift */ = {isa = PBXFileReference; lastKnownFileType = sourcecode.swift; name = TaskCreationView.swift; path = RalphMac/TaskCreationView.swift; sourceTree = "<group>"; };
		D54AE04AF32A434C9B785F2F /* Info.plist */ = {isa = PBXFileReference; lastKnownFileType = text.plist.xml; path = Info.plist; sourceTree = "<group>"; };
		DC080C0014F94BAE85020345FFAAFAF2 /* KanbanCardView.swift */ = {isa = PBXFileReference; lastKnownFileType = sourcecode.swift; name = KanbanCardView.swift; path = RalphMac/KanbanCardView.swift; sourceTree = "<group>"; };
		E21132B9951449F09254F84C /* WindowView.swift */ = {isa = PBXFileReference; lastKnownFileType = sourcecode.swift; path = WindowView.swift; sourceTree = "<group>"; };
		E4BA912C259042DDA03E653F /* RalphMacApp.swift */ = {isa = PBXFileReference; lastKnownFileType = sourcecode.swift; path = RalphMacApp.swift; sourceTree = "<group>"; };
		EE55FF6677889900AA11BB22CC33DD44 /* TagEditorView.swift */ = {isa = PBXFileReference; lastKnownFileType = sourcecode.swift; name = TagEditorView.swift; path = RalphMac/TagEditorView.swift; sourceTree = "<group>"; };
		F3014AC133794F7F8AF0E753 /* RalphModels.swift */ = {isa = PBXFileReference; lastKnownFileType = sourcecode.swift; path = RalphModels.swift; sourceTree = "<group>"; };
		F7044ECE073A4355A364CD631452E561 /* KanbanBoardView.swift */ = {isa = PBXFileReference; lastKnownFileType = sourcecode.swift; name = KanbanBoardView.swift; path = RalphMac/KanbanBoardView.swift; sourceTree = "<group>"; };
/* End PBXFileReference section */

/* Begin PBXFrameworksBuildPhase section */
		0BA70083EF404A3A97703616 /* Frameworks */ = {
			isa = PBXFrameworksBuildPhase;
			buildActionMask = 2147483647;
			files = (
				D1594D0AB21045BA9764BCE8 /* RalphCore.framework in Frameworks */,
			);
			runOnlyForDeploymentPostprocessing = 0;
		};
		2C7AD610594F438088529A64 /* Frameworks */ = {
			isa = PBXFrameworksBuildPhase;
			buildActionMask = 2147483647;
			files = (
				70B7D56D286A4C04AAA8F09B /* XCTest.framework in Frameworks */,
				12EEF5CB63D2451A8D8BDFCE /* RalphCore.framework in Frameworks */,
			);
			runOnlyForDeploymentPostprocessing = 0;
		};
		AA0EAF6CA14742A9B622F7AE /* Frameworks */ = {
			isa = PBXFrameworksBuildPhase;
			buildActionMask = 2147483647;
			files = (
			);
			runOnlyForDeploymentPostprocessing = 0;
		};
/* End PBXFrameworksBuildPhase section */

/* Begin PBXGroup section */
		2E41E8A437924074BBD351E1 /* Frameworks */ = {
			isa = PBXGroup;
			children = (
				5CF4286D31194E8ABD65BF48 /* XCTest.framework */,
			);
			name = Frameworks;
			sourceTree = "<group>";
		};
		37CDBC33081942368A3B78AC /* RalphCore */ = {
			isa = PBXGroup;
			children = (
				31B301E8A7CC431E930E7539 /* RalphCLIClient.swift */,
				5EE8951D88274919856E798A /* RalphCLIExecutableLocator.swift */,
				F3014AC133794F7F8AF0E753 /* RalphModels.swift */,
				AABBCCDDEEFF001122334455 /* GraphModels.swift */,
				0B651F8A746C4387B1F9D42A /* Workspace.swift */,
				C52C942A1CA040208A1757FF /* WorkspaceManager.swift */,
				4501A6DA17EA418787F9BC9C /* WindowState.swift */,
				B1234567890ABCDEF1234567 /* QueueFileWatcher.swift */,
			);
			path = RalphCore;
			sourceTree = "<group>";
		};
		7A3A0175AD6F45B3B27E6283 /* RalphCoreTests */ = {
			isa = PBXGroup;
			children = (
				7496516A44544D58A079C2B6 /* RalphCLIClientTests.swift */,
				34FD8AC4252040E88FB002F9 /* RalphModelsTests.swift */,
				65F63B68A6B84D5195D20137 /* RalphE2ESmokeTests.swift */,
			);
			path = RalphCoreTests;
			sourceTree = "<group>";
		};
		B332EF4AA9D545C698B8C719 /* Products */ = {
			isa = PBXGroup;
			children = (
				B371E519DA1D4EB09E67EF01 /* RalphMac.app */,
				16591EC6C1744AC5AF4189A4 /* RalphCore.framework */,
				3ABCA66572BF4FE381DD0476 /* RalphCoreTests.xctest */,
			);
			name = Products;
			sourceTree = "<group>";
		};
		BD58D63541DE49C5B26FA533 = {
			isa = PBXGroup;
			children = (
				BD789869732744B880AE31D4 /* RalphMac */,
				37CDBC33081942368A3B78AC /* RalphCore */,
				7A3A0175AD6F45B3B27E6283 /* RalphCoreTests */,
				2E41E8A437924074BBD351E1 /* Frameworks */,
				B332EF4AA9D545C698B8C719 /* Products */,
			);
			sourceTree = "<group>";
		};
		BD789869732744B880AE31D4 /* RalphMac */ = {
			isa = PBXGroup;
			children = (
				E4BA912C259042DDA03E653F /* RalphMacApp.swift */,
				6127F94DFD1B404CB5CC190B /* VisualEffectView.swift */,
				3B65E12FC434490D9A617CEB /* WorkspaceView.swift */,
				E21132B9951449F09254F84C /* WindowView.swift */,
				D54AE04AF32A434C9B785F2F /* Info.plist */,
				B6D1EEC569C94444A00C7A84 /* Assets.xcassets */,
				1144436E84A467CACB42516A /* NavigationViewModel.swift */,
				AC5B1F258352B5B5DC9FFF77 /* RunControlConsoleView.swift */,
				8B900514A511EC3E3539F2AA /* ElapsedTimeView.swift */,
			);
			path = RalphMac;
			sourceTree = "<group>";
		};
/* End PBXGroup section */

/* Begin PBXNativeTarget section */
		4818E090529D4C259376427E /* RalphCoreTests */ = {
			isa = PBXNativeTarget;
			buildConfigurationList = E875A2468A45481EB4CA9C6C /* Build configuration list for PBXNativeTarget "RalphCoreTests" */;
			buildPhases = (
				A214139BF6414CC7840DEBA4 /* Sources */,
				2C7AD610594F438088529A64 /* Frameworks */,
			);
			buildRules = (
			);
			dependencies = (
				1122AC7ED364425A881396F5 /* PBXTargetDependency */,
			);
			name = RalphCoreTests;
			productName = RalphCoreTests;
			productReference = 3ABCA66572BF4FE381DD0476 /* RalphCoreTests.xctest */;
			productType = "com.apple.product-type.bundle.unit-test";
		};
		5C9AA60D62CB4EBFBF02ACA1 /* RalphCore */ = {
			isa = PBXNativeTarget;
			buildConfigurationList = 0EC72EEB3CC34A26BFA5DA5F /* Build configuration list for PBXNativeTarget "RalphCore" */;
			buildPhases = (
				5160DFD9B63E4D5387E9DA40 /* Sources */,
				AA0EAF6CA14742A9B622F7AE /* Frameworks */,
			);
			buildRules = (
			);
			dependencies = (
			);
			name = RalphCore;
			productName = RalphCore;
			productReference = 16591EC6C1744AC5AF4189A4 /* RalphCore.framework */;
			productType = "com.apple.product-type.framework";
		};
		E19EB015790F40D39E28D0AC /* RalphMac */ = {
			isa = PBXNativeTarget;
			buildConfigurationList = 845DDA1F27474E578909C688 /* Build configuration list for PBXNativeTarget "RalphMac" */;
			buildPhases = (
				B97C0E5F296C4FF09CDD0457 /* Sources */,
				6684C2A63A9C4B44B5154781 /* Resources */,
				0BA70083EF404A3A97703616 /* Frameworks */,
				8EBDEB3EA80A4DEABC0FC877 /* Embed Frameworks */,
				32D95DBB511E4ABDA6EFD0C2 /* Build and Bundle ralph */,
			);
			buildRules = (
			);
			dependencies = (
				43B48ADB303044EA9D3131AE /* PBXTargetDependency */,
			);
			name = RalphMac;
			productName = RalphMac;
			productReference = B371E519DA1D4EB09E67EF01 /* RalphMac.app */;
			productType = "com.apple.product-type.application";
		};
/* End PBXNativeTarget section */

/* Begin PBXProject section */
		138EF11C500E42C3A51D87DA /* Project object */ = {
			isa = PBXProject;
			attributes = {
				BuildIndependentTargetsInParallel = 1;
				LastSwiftUpdateCheck = 9999;
				LastUpgradeCheck = 9999;
				TargetAttributes = {
					4818E090529D4C259376427E = {
						CreatedOnToolsVersion = 26.2;
					};
					5C9AA60D62CB4EBFBF02ACA1 = {
						CreatedOnToolsVersion = 26.2;
					};
					E19EB015790F40D39E28D0AC = {
						CreatedOnToolsVersion = 26.2;
					};
				};
			};
			buildConfigurationList = A883C2477988484FB6FF7CE8 /* Build configuration list for PBXProject "RalphMac" */;
			compatibilityVersion = "Xcode 14.0";
			developmentRegion = en;
			hasScannedForEncodings = 0;
			knownRegions = (
				en,
				Base,
			);
			mainGroup = BD58D63541DE49C5B26FA533;
			productRefGroup = B332EF4AA9D545C698B8C719 /* Products */;
			projectDirPath = "";
			projectRoot = "";
			targets = (
				E19EB015790F40D39E28D0AC /* RalphMac */,
				5C9AA60D62CB4EBFBF02ACA1 /* RalphCore */,
				4818E090529D4C259376427E /* RalphCoreTests */,
			);
		};
/* End PBXProject section */

/* Begin PBXResourcesBuildPhase section */
		6684C2A63A9C4B44B5154781 /* Resources */ = {
			isa = PBXResourcesBuildPhase;
			buildActionMask = 2147483647;
			files = (
				51F423D7B6694FD1BBF01DDA /* Assets.xcassets in Resources */,
			);
			runOnlyForDeploymentPostprocessing = 0;
		};
/* End PBXResourcesBuildPhase section */

/* Begin PBXShellScriptBuildPhase section */
		32D95DBB511E4ABDA6EFD0C2 /* Build and Bundle ralph */ = {
			isa = PBXShellScriptBuildPhase;
			buildActionMask = 2147483647;
			files = (
			);
			inputFileListPaths = (
			);
			inputPaths = (
			);
			name = "Build and Bundle ralph";
			outputFileListPaths = (
			);
			outputPaths = (
			);
			runOnlyForDeploymentPostprocessing = 0;
			shellPath = /bin/sh;
			shellScript = "set -euo pipefail\n\n# Bundle the Rust `ralph` CLI alongside the app executable so the GUI can invoke\n# a stable, in-bundle `ralph` without relying on PATH.\n#\n# This script *prefers* an already-built binary (fast, avoids rebuilding Ralph\n# during Xcode test runs). If missing, it attempts a Cargo build.\n\nROOT_DIR=\"${SRCROOT}/../..\"\nCONFIG=\"${CONFIGURATION}\"\ncd \"${ROOT_DIR}\"\n\nif [ \"${CONFIG}\" = \"Release\" ]; then\n  BIN_PATH=\"${ROOT_DIR}/target/release/ralph\"\n  BUILD_ARGS=\"build -p ralph --release\"\nelse\n  BIN_PATH=\"${ROOT_DIR}/target/debug/ralph\"\n  BUILD_ARGS=\"build -p ralph\"\nfi\n\nif [ ! -x \"${BIN_PATH}\" ]; then\n  echo \"ralph binary not found at ${BIN_PATH}; building via cargo...\" >&2\n  cargo ${BUILD_ARGS}\nfi\n\nif [ ! -x \"${BIN_PATH}\" ]; then\n  echo \"ralph binary still missing after build: ${BIN_PATH}\" >&2\n  exit 1\nfi\n\nDEST_DIR=\"${BUILT_PRODUCTS_DIR}/${EXECUTABLE_FOLDER_PATH}\"\nmkdir -p \"${DEST_DIR}\"\ncp -f \"${BIN_PATH}\" \"${DEST_DIR}/ralph\"\nchmod +x \"${DEST_DIR}/ralph\"\n";
		};
/* End PBXShellScriptBuildPhase section */

/* Begin PBXSourcesBuildPhase section */
		5160DFD9B63E4D5387E9DA40 /* Sources */ = {
			isa = PBXSourcesBuildPhase;
			buildActionMask = 2147483647;
			files = (
				EE9BBA22346A4F6089F70335 /* RalphCLIClient.swift in Sources */,
				0F5CF3F1723144EA83490033 /* RalphCLIExecutableLocator.swift in Sources */,
				EF9F001157144DB59DB782FF /* RalphModels.swift in Sources */,
				11223344556677889900AABB /* GraphModels.swift in Sources */,
				4A8D2E1F8B3C4D56A7E8F901 /* Workspace.swift in Sources */,
				5B9E3F2A9C4D5E67B8F90123 /* WorkspaceManager.swift in Sources */,
				6CAF4A3B0D5E6F78C9012345 /* WindowState.swift in Sources */,
				A1234567890ABCDEF1234567 /* QueueFileWatcher.swift in Sources */,
			);
			runOnlyForDeploymentPostprocessing = 0;
		};
		A214139BF6414CC7840DEBA4 /* Sources */ = {
			isa = PBXSourcesBuildPhase;
			buildActionMask = 2147483647;
			files = (
				3A50AB4D19664FC7A750A366 /* RalphCLIClientTests.swift in Sources */,
				4531CFF0D6FF4741BB54C467 /* RalphModelsTests.swift in Sources */,
				DA8C4A1F9FDD44F5BCDE5CB9 /* RalphE2ESmokeTests.swift in Sources */,
			);
			runOnlyForDeploymentPostprocessing = 0;
		};
		B97C0E5F296C4FF09CDD0457 /* Sources */ = {
			isa = PBXSourcesBuildPhase;
			buildActionMask = 2147483647;
			files = (
				48E9CABEFF6345C7A6ABA4F9 /* RalphMacApp.swift in Sources */,
				558F4EFD40ED4813905A6B0A /* VisualEffectView.swift in Sources */,
				7D1B5B4C1E6F708D01234567 /* WorkspaceView.swift in Sources */,
				8E2C6C5D2F70819234567890 /* WindowView.swift in Sources */,
				BB22CC33DD44EE55FF6677889900AA11 /* TaskDetailView.swift in Sources */,
				DD44EE55FF6677889900AA11BB22CC33 /* StringArrayEditor.swift in Sources */,
				FF6677889900AA11BB22CC33DD44EE55 /* TagEditorView.swift in Sources */,
				223344556677889900AABBCCDDEEFF11 /* TaskRelationshipPicker.swift in Sources */,
				9A3B7C4E5D6E7F8A901B2C3D /* TaskListView.swift in Sources */,
				D21470E978C03EA41E8C185E /* NavigationViewModel.swift in Sources */,
				E1FE4FE54CB8402D84A8607625CC6BB5 /* TaskCreationView.swift in Sources */,
				81B3129D1A9B4ACBB70F0BDD4D0F049B /* KanbanBoardView.swift in Sources */,
				2895092585CD4799832FDA1479C815B8 /* KanbanCardView.swift in Sources */,
				62E2D8A333624CF58EA8D8EA9B611279 /* KanbanColumnView.swift in Sources */,
				DDEEFF001122334455AABBCC /* DependencyGraphView.swift in Sources */,
				AD262F5CE6FC50AECE385373 /* RunControlConsoleView.swift in Sources */,
				3845DDDEE8480D652D4F18BF /* ElapsedTimeView.swift in Sources */,
			);
			runOnlyForDeploymentPostprocessing = 0;
		};
/* End PBXSourcesBuildPhase section */

/* Begin PBXTargetDependency section */
		1122AC7ED364425A881396F5 /* PBXTargetDependency */ = {
			isa = PBXTargetDependency;
			target = 5C9AA60D62CB4EBFBF02ACA1 /* RalphCore */;
			targetProxy = 4CEE1CF6B16E4FFB856939B5 /* PBXContainerItemProxy */;
		};
		43B48ADB303044EA9D3131AE /* PBXTargetDependency */ = {
			isa = PBXTargetDependency;
			target = 5C9AA60D62CB4EBFBF02ACA1 /* RalphCore */;
			targetProxy = 6CED8CCC14D740F9B798C3E1 /* PBXContainerItemProxy */;
		};
/* End PBXTargetDependency section */

/* Begin XCBuildConfiguration section */
		48E5CD39346F46D2BEE761EE /* Release */ = {
			isa = XCBuildConfiguration;
			buildSettings = {
				CODE_SIGNING_ALLOWED = NO;
				CODE_SIGNING_REQUIRED = NO;
				DEBUG_INFORMATION_FORMAT = dwarf;
				MACOSX_DEPLOYMENT_TARGET = 15.0;
				SDKROOT = macosx;
				SWIFT_STRICT_CONCURRENCY = complete;
				SWIFT_UPCOMING_FEATURE_EXISTENTIAL_ANY = YES;
				SWIFT_UPCOMING_FEATURE_INTERNAL_IMPORTS_BY_DEFAULT = YES;
				SWIFT_VERSION = 6.2;
			};
			name = Release;
		};
		4C9BEF10EB2A41DF8CB316A6 /* Debug */ = {
			isa = XCBuildConfiguration;
			buildSettings = {
				BUNDLE_LOADER = "";
				CODE_SIGNING_ALLOWED = NO;
				CODE_SIGNING_REQUIRED = NO;
				MACOSX_DEPLOYMENT_TARGET = 15.0;
				PRODUCT_BUNDLE_IDENTIFIER = com.mitchfultz.ralph.coretests;
				PRODUCT_NAME = RalphCoreTests;
				SDKROOT = macosx;
				SWIFT_STRICT_CONCURRENCY = complete;
				SWIFT_UPCOMING_FEATURE_EXISTENTIAL_ANY = YES;
				SWIFT_UPCOMING_FEATURE_INTERNAL_IMPORTS_BY_DEFAULT = YES;
				SWIFT_VERSION = 6.2;
			};
			name = Debug;
		};
		80A365D7DD024948A0806963 /* Release */ = {
			isa = XCBuildConfiguration;
			buildSettings = {
				CODE_SIGNING_ALLOWED = NO;
				CODE_SIGNING_REQUIRED = NO;
				DEFINES_MODULE = YES;
				DYLIB_INSTALL_NAME_BASE = "@rpath";
				GENERATE_INFOPLIST_FILE = YES;
				LD_RUNPATH_SEARCH_PATHS = (
					"$(inherited)",
					"@executable_path/../Frameworks",
					"@loader_path/Frameworks",
				);
				MACOSX_DEPLOYMENT_TARGET = 15.0;
				PRODUCT_BUNDLE_IDENTIFIER = com.mitchfultz.ralph.core;
				PRODUCT_NAME = RalphCore;
				SDKROOT = macosx;
				SKIP_INSTALL = YES;
				SWIFT_VERSION = 6.2;
			};
			name = Release;
		};
		9F479C73F5074F3AB3359247 /* Release */ = {
			isa = XCBuildConfiguration;
			buildSettings = {
				ASSETCATALOG_COMPILER_APPICON_NAME = AppIcon;
				CODE_SIGNING_ALLOWED = NO;
				CODE_SIGNING_REQUIRED = NO;
				COMBINE_HIDPI_IMAGES = YES;
				CURRENT_PROJECT_VERSION = 1;
				DEVELOPMENT_TEAM = "";
				ENABLE_HARDENED_RUNTIME = NO;
				INFOPLIST_FILE = RalphMac/Info.plist;
				LD_RUNPATH_SEARCH_PATHS = (
					"$(inherited)",
					"@executable_path/../Frameworks",
				);
				MACOSX_DEPLOYMENT_TARGET = 15.0;
				MARKETING_VERSION = 0.1.0;
				PRODUCT_BUNDLE_IDENTIFIER = com.mitchfultz.ralph;
				PRODUCT_NAME = RalphMac;
				SDKROOT = macosx;
				SWIFT_STRICT_CONCURRENCY = complete;
				SWIFT_UPCOMING_FEATURE_EXISTENTIAL_ANY = YES;
				SWIFT_UPCOMING_FEATURE_INTERNAL_IMPORTS_BY_DEFAULT = YES;
				SWIFT_VERSION = 6.2;
			};
			name = Release;
		};
		CFDD27DC0C014C6C9DF2D6A2 /* Debug */ = {
			isa = XCBuildConfiguration;
			buildSettings = {
				ASSETCATALOG_COMPILER_APPICON_NAME = AppIcon;
				CODE_SIGNING_ALLOWED = NO;
				CODE_SIGNING_REQUIRED = NO;
				COMBINE_HIDPI_IMAGES = YES;
				CURRENT_PROJECT_VERSION = 1;
				DEVELOPMENT_TEAM = "";
				ENABLE_HARDENED_RUNTIME = NO;
				INFOPLIST_FILE = RalphMac/Info.plist;
				LD_RUNPATH_SEARCH_PATHS = (
					"$(inherited)",
					"@executable_path/../Frameworks",
				);
				MACOSX_DEPLOYMENT_TARGET = 15.0;
				MARKETING_VERSION = 0.1.0;
				PRODUCT_BUNDLE_IDENTIFIER = com.mitchfultz.ralph;
				PRODUCT_NAME = RalphMac;
				SDKROOT = macosx;
				SWIFT_STRICT_CONCURRENCY = complete;
				SWIFT_UPCOMING_FEATURE_EXISTENTIAL_ANY = YES;
				SWIFT_UPCOMING_FEATURE_INTERNAL_IMPORTS_BY_DEFAULT = YES;
				SWIFT_VERSION = 6.2;
			};
			name = Debug;
		};
		EB912F7622194A36AF87AB62 /* Release */ = {
			isa = XCBuildConfiguration;
			buildSettings = {
				BUNDLE_LOADER = "";
				CODE_SIGNING_ALLOWED = NO;
				CODE_SIGNING_REQUIRED = NO;
				MACOSX_DEPLOYMENT_TARGET = 15.0;
				PRODUCT_BUNDLE_IDENTIFIER = com.mitchfultz.ralph.coretests;
				PRODUCT_NAME = RalphCoreTests;
				SDKROOT = macosx;
				SWIFT_STRICT_CONCURRENCY = complete;
				SWIFT_UPCOMING_FEATURE_EXISTENTIAL_ANY = YES;
				SWIFT_UPCOMING_FEATURE_INTERNAL_IMPORTS_BY_DEFAULT = YES;
				SWIFT_VERSION = 6.2;
			};
			name = Release;
		};
		EF34D3AE55844BFBB05334F3 /* Debug */ = {
			isa = XCBuildConfiguration;
			buildSettings = {
				CODE_SIGNING_ALLOWED = NO;
				CODE_SIGNING_REQUIRED = NO;
				DEBUG_INFORMATION_FORMAT = dwarf;
				ENABLE_TESTABILITY = YES;
				MACOSX_DEPLOYMENT_TARGET = 15.0;
				SDKROOT = macosx;
				SWIFT_STRICT_CONCURRENCY = complete;
				SWIFT_UPCOMING_FEATURE_EXISTENTIAL_ANY = YES;
				SWIFT_UPCOMING_FEATURE_INTERNAL_IMPORTS_BY_DEFAULT = YES;
				SWIFT_VERSION = 6.2;
			};
			name = Debug;
		};
		FAF03663E4D5405984087A13 /* Debug */ = {
			isa = XCBuildConfiguration;
			buildSettings = {
				CODE_SIGNING_ALLOWED = NO;
				CODE_SIGNING_REQUIRED = NO;
				DEFINES_MODULE = YES;
				DYLIB_INSTALL_NAME_BASE = "@rpath";
				GENERATE_INFOPLIST_FILE = YES;
				LD_RUNPATH_SEARCH_PATHS = (
					"$(inherited)",
					"@executable_path/../Frameworks",
					"@loader_path/Frameworks",
				);
				MACOSX_DEPLOYMENT_TARGET = 15.0;
				PRODUCT_BUNDLE_IDENTIFIER = com.mitchfultz.ralph.core;
				PRODUCT_NAME = RalphCore;
				SDKROOT = macosx;
				SKIP_INSTALL = YES;
				SWIFT_VERSION = 6.2;
			};
			name = Debug;
		};
/* End XCBuildConfiguration section */

/* Begin XCConfigurationList section */
		0EC72EEB3CC34A26BFA5DA5F /* Build configuration list for PBXNativeTarget "RalphCore" */ = {
			isa = XCConfigurationList;
			buildConfigurations = (
				FAF03663E4D5405984087A13 /* Debug */,
				80A365D7DD024948A0806963 /* Release */,
			);
			defaultConfigurationIsVisible = 0;
			defaultConfigurationName = Debug;
		};
		845DDA1F27474E578909C688 /* Build configuration list for PBXNativeTarget "RalphMac" */ = {
			isa = XCConfigurationList;
			buildConfigurations = (
				CFDD27DC0C014C6C9DF2D6A2 /* Debug */,
				9F479C73F5074F3AB3359247 /* Release */,
			);
			defaultConfigurationIsVisible = 0;
			defaultConfigurationName = Debug;
		};
		A883C2477988484FB6FF7CE8 /* Build configuration list for PBXProject "RalphMac" */ = {
			isa = XCConfigurationList;
			buildConfigurations = (
				EF34D3AE55844BFBB05334F3 /* Debug */,
				48E5CD39346F46D2BEE761EE /* Release */,
			);
			defaultConfigurationIsVisible = 0;
			defaultConfigurationName = Debug;
		};
		E875A2468A45481EB4CA9C6C /* Build configuration list for PBXNativeTarget "RalphCoreTests" */ = {
			isa = XCConfigurationList;
			buildConfigurations = (
				4C9BEF10EB2A41DF8CB316A6 /* Debug */,
				EB912F7622194A36AF87AB62 /* Release */,
			);
			defaultConfigurationIsVisible = 0;
			defaultConfigurationName = Debug;
		};
/* End XCConfigurationList section */
	};
	rootObject = 138EF11C500E42C3A51D87DA /* Project object */;
}
